
Microsoft Visual Studio Solution File, Format Version 12.00
# Visual Studio Version 17
VisualStudioVersion = 17.1.32328.378
MinimumVisualStudioVersion = 10.0.40219.1
Project("{2150E333-8FDC-42A3-9474-1A3956D46DE8}") = "src", "src", "{124CACEF-F6F0-48A1-A79C-9DC6390C5314}"
EndProject
Project("{2150E333-8FDC-42A3-9474-1A3956D46DE8}") = "webapps", "webapps", "{CB901A45-C8B3-4FF2-AD37-CA27F0E99C63}"
EndProject
Project("{2150E333-8FDC-42A3-9474-1A3956D46DE8}") = "business", "business", "{FC5D1DC8-F76C-492D-B5D6-8D84BB1353E2}"
EndProject
Project("{2150E333-8FDC-42A3-9474-1A3956D46DE8}") = "database", "database", "{5286FB03-D304-4EDF-825B-0CE7C93595C6}"
EndProject
Project("{9A19103F-16F7-4668-BE54-9A1E7A4F7556}") = "LS-ERP.BusinessLogic", "src\LS-ERP.BusinessLogic\LS-ERP.BusinessLogic.csproj", "{4D379B29-083E-47ED-BF1D-5F5AFD8FD784}"
EndProject
Project("{9A19103F-16F7-4668-BE54-9A1E7A4F7556}") = "LS-ERP.EntityFrameworkCore", "src\LS-ERP.EntityFrameworkCore\LS-ERP.EntityFrameworkCore.csproj", "{A2E33A04-EEC8-4862-BE11-6A1DFA79A3F6}"
EndProject
Project("{9A19103F-16F7-4668-BE54-9A1E7A4F7556}") = "LS-ERP.EntityFrameworkCore.Configuration", "src\LS-ERP.EntityFrameworkCore.Configuration\LS-ERP.EntityFrameworkCore.Configuration.csproj", "{8331C588-D406-4865-A175-EFC0E8434F61}"
EndProject
Project("{9A19103F-16F7-4668-BE54-9A1E7A4F7556}") = "LS-ERP.EntityFrameworkCore.Shared", "src\LS-ERP.EntityFrameworkCore.Shared\LS-ERP.EntityFrameworkCore.Shared.csproj", "{F743D2D9-29D3-46F9-80F1-53C135947986}"
EndProject
Project("{9A19103F-16F7-4668-BE54-9A1E7A4F7556}") = "LS-ERP.EntityFrameworkCore.Extensions", "src\LS-ERP.EntityFrameworkCore.Extensions\LS-ERP.EntityFrameworkCore.Extensions.csproj", "{61B44796-B1FF-4651-849B-D4BD69AFEAA9}"
EndProject
Project("{9A19103F-16F7-4668-BE54-9A1E7A4F7556}") = "LS-ERP.API", "src\LS-ERP.API\LS-ERP.API.csproj", "{48AEC31C-24AB-431B-8CA8-1DCE4DDC7387}"
EndProject
Project("{9A19103F-16F7-4668-BE54-9A1E7A4F7556}") = "LS-ERP.EntityFrameworkCore.SqlServer", "src\LS-ERP.EntityFrameworkCore.SqlServer\LS-ERP.EntityFrameworkCore.SqlServer.csproj", "{E424AD2C-2B9C-46F8-BC7B-764BA16D82ED}"
EndProject
Project("{2150E333-8FDC-42A3-9474-1A3956D46DE8}") = "common", "common", "{4B70F4A0-1FCB-40BE-9764-3478E6FA82E7}"
EndProject
Project("{9A19103F-16F7-4668-BE54-9A1E7A4F7556}") = "LS-ERP.Ultilities", "src\LS-ERP.Ultilities\LS-ERP.Ultilities.csproj", "{47573353-423F-49C5-82A8-E26DA51C1F47}"
EndProject
Project("{9A19103F-16F7-4668-BE54-9A1E7A4F7556}") = "LS-ERP.EntityFrameworkCore.MySql", "src\LS-ERP.EntityFrameworkCore.MySql\LS-ERP.EntityFrameworkCore.MySql.csproj", "{7003FE04-114A-4579-83EB-4090EBE80582}"
EndProject
Project("{9A19103F-16F7-4668-BE54-9A1E7A4F7556}") = "LS-ERP.EntityFrameworkCore.PostgreSQL", "src\LS-ERP.EntityFrameworkCore.PostgreSQL\LS-ERP.EntityFrameworkCore.PostgreSQL.csproj", "{D26A2CFB-1F97-48CD-A4F4-15E1164418C4}"
EndProject
Project("{2150E333-8FDC-42A3-9474-1A3956D46DE8}") = "converter", "converter", "{AB137A17-1FEB-4983-8577-FCEAFAFE4724}"
EndProject
Project("{2150E333-8FDC-42A3-9474-1A3956D46DE8}") = "xaf", "xaf", "{3706C6F1-F049-42F6-9103-18B67CA10C9A}"
EndProject
Project("{2150E333-8FDC-42A3-9474-1A3956D46DE8}") = "scripts", "scripts", "{63F58C94-61F8-4A83-B451-057CEBB2E23F}"
	ProjectSection(SolutionItems) = preProject
		IssuedFabricRequestMailTemplate.sql = IssuedFabricRequestMailTemplate.sql
		MigrateForecast.sql = MigrateForecast.sql
		MigrateItemMasterID_StorageDetail.sql = MigrateItemMasterID_StorageDetail.sql
		MigrateItemStyle.sql = MigrateItemStyle.sql
		MigrateJobHead.sql = MigrateJobHead.sql
		MigratePartForHA.sql = MigratePartForHA.sql
		MigratePartItemStyle.sql = MigratePartItemStyle.sql
		MigratePartMaster_DE.sql = MigratePartMaster_DE.sql
		MigratePartMaterial.sql = MigratePartMaterial.sql
		MigratePermissionUser.sql = MigratePermissionUser.sql
		MigrateProductionBOM.sql = MigrateProductionBOM.sql
		MigratePurchaseOrder.sql = MigratePurchaseOrder.sql
		MigrateSalesOrder.sql = MigrateSalesOrder.sql
		MigrationBoxDimension.sql = MigrationBoxDimension.sql
		MigrationPackingLine.sql = MigrationPackingLine.sql
		MigrationPackingListImageThumbnail.sql = MigrationPackingListImageThumbnail.sql
		MigrationPackingListPU.sql = MigrationPackingListPU.sql
		MigrationPackingList_DE.sql = MigrationPackingList_DE.sql
		MigrationPackOverQuantity.sql = MigrationPackOverQuantity.sql
		MigrationPart.sql = MigrationPart.sql
		MigrationSalesContract.sql = MigrationSalesContract.sql
		MigrationSalesOrderPU.sql = MigrationSalesOrderPU.sql
		MigrationShippingMark.sql = MigrationShippingMark.sql
		MigrationShippingMethod.sql = MigrationShippingMethod.sql
		MigrationStyleNetWeight.sql = MigrationStyleNetWeight.sql
		SampleDeletePurchaseOrder.sql = SampleDeletePurchaseOrder.sql
		script_Delete_Fabric_Inventory_DE.sql = script_Delete_Fabric_Inventory_DE.sql
		SelectItemSumaryReport.sql = SelectItemSumaryReport.sql
		spSummary.sql = spSummary.sql
		sp_CreateItemMaster.sql = sp_CreateItemMaster.sql
		sp_CreateReceipt.sql = sp_CreateReceipt.sql
		sp_CreateUpdateQualityAssurance.sql = sp_CreateUpdateQualityAssurance.sql
		sp_DailyTargetDetailSummary.sql = sp_DailyTargetDetailSummary.sql
		sp_DeletePurchaseOrder.sql = sp_DeletePurchaseOrder.sql
		sp_LoadBoxInfo.sql = sp_LoadBoxInfo.sql
		sp_LoadLoadingPlan.sql = sp_LoadLoadingPlan.sql
		..\sql\sp_LoadPackingListForShippingPlan_DE.sql = ..\sql\sp_LoadPackingListForShippingPlan_DE.sql
		sp_LoadPartMaster.sql = sp_LoadPartMaster.sql
		sp_LoadQualityAssurance.sql = sp_LoadQualityAssurance.sql
		sp_LoadShippingPlan.sql = sp_LoadShippingPlan.sql
		sp_PurchaseReceive.sql = sp_PurchaseReceive.sql
		sp_SelectCuttingDailyReport.sql = sp_SelectCuttingDailyReport.sql
		sp_SelectCuttingStatus.sql = sp_SelectCuttingStatus.sql
		sp_SelectIssuedReport.sql = sp_SelectIssuedReport.sql
		sp_SelectPackingListByMultiLSStyle.sql = sp_SelectPackingListByMultiLSStyle.sql
		sp_SelectPackingListForPrintShu.sql = sp_SelectPackingListForPrintShu.sql
		sp_SelectSummaryScanResult.sql = sp_SelectSummaryScanResult.sql
		sp_SelectSummaryStorageDetailReport.sql = sp_SelectSummaryStorageDetailReport.sql
		..\sql\sp_SelectSummaryStorageDetailReport_ByLocation.sql = ..\sql\sp_SelectSummaryStorageDetailReport_ByLocation.sql
		sp_UpdateFabricPurchaseOrderFromTransactions.sql = sp_UpdateFabricPurchaseOrderFromTransactions.sql
		sp_UpdateItemMasterIDStorageDetailFromPartMaster.sql = sp_UpdateItemMasterIDStorageDetailFromPartMaster.sql
		sp_UpdateOtherNameByCustomer.sql = sp_UpdateOtherNameByCustomer.sql
		sp_UpdatePONumberScanResult.sql = sp_UpdatePONumberScanResult.sql
		sp_UpdateProdutionBomQuantityByItemStyle.sql = sp_UpdateProdutionBomQuantityByItemStyle.sql
		sp_UpdateProdutionBomQuantityBySalesOrder.sql = sp_UpdateProdutionBomQuantityBySalesOrder.sql
		sp_UpdatePurchaseOrderToRelatedTable.sql = sp_UpdatePurchaseOrderToRelatedTable.sql
		sp_UpdateSizeSortIndex_BOM_Forcast.sql = sp_UpdateSizeSortIndex_BOM_Forcast.sql
		TempMigrationItem.sql = TempMigrationItem.sql
		trgIssued_UpdateQuantityMaterialTransaction.sql = trgIssued_UpdateQuantityMaterialTransaction.sql
		trg_UpdateQuantityMaterialTransaction.sql = trg_UpdateQuantityMaterialTransaction.sql
		trig_UpdateReceipt.sql = trig_UpdateReceipt.sql
		UpdateOtherName_PartMaterial.sql = UpdateOtherName_PartMaterial.sql
		UpdatePriceForCompareHA.sql = UpdatePriceForCompareHA.sql
		UpdateProductionBOM.sql = UpdateProductionBOM.sql
		UpdateSupplierMaterialTransaction.sql = UpdateSupplierMaterialTransaction.sql
		ViewReceiptDetails.sql = ViewReceiptDetails.sql
		ViewStorageDetailReport.sql = ViewStorageDetailReport.sql
		ViewSummaryScanResult.sql = ViewSummaryScanResult.sql
	EndProjectSection
EndProject
Project("{9A19103F-16F7-4668-BE54-9A1E7A4F7556}") = "LS_ERP.XAF.Module", "src\LS_ERP.XAF.Module\LS_ERP.XAF.Module.csproj", "{CA1F3995-80F6-4C0A-BC2E-A88430C754EE}"
EndProject
Project("{9A19103F-16F7-4668-BE54-9A1E7A4F7556}") = "LS_ERP.XAF.Module.Win", "src\LS_ERP.XAF.Module.Win\LS_ERP.XAF.Module.Win.csproj", "{BE215DE5-4C4F-4E71-887B-C68F0BE663FE}"
EndProject
Project("{9A19103F-16F7-4668-BE54-9A1E7A4F7556}") = "LS_ERP.XAF.Win", "src\LS_ERP.XAF.Win\LS_ERP.XAF.Win.csproj", "{280C10BA-8879-4923-A0D0-0FC5A490D3AB}"
EndProject
Project("{9A19103F-16F7-4668-BE54-9A1E7A4F7556}") = "LS-ERP.BusinessLogic.Shared", "src\LS-ERP.BusinessLogic.Shared\LS-ERP.BusinessLogic.Shared.csproj", "{858A6C04-4949-41B2-8029-C2B46042252F}"
EndProject
Project("{9A19103F-16F7-4668-BE54-9A1E7A4F7556}") = "LS-ERP.Service", "src\LS-ERP.Service\LS-ERP.Service.csproj", "{04799724-6DA1-4FB7-9EE9-03679C0D9745}"
EndProject
Project("{9A19103F-16F7-4668-BE54-9A1E7A4F7556}") = "LS-ERP.Forms", "src\LS-ERP.Forms\LS-ERP.Forms.csproj", "{A1973148-F45E-4F30-90AE-25A332300692}"
EndProject
Project("{2150E333-8FDC-42A3-9474-1A3956D46DE8}") = "corelib", "corelib", "{ED0B35C2-EC66-465D-B1D6-FC8342C054BF}"
EndProject
Project("{9A19103F-16F7-4668-BE54-9A1E7A4F7556}") = "Common", "src\Common\Common.csproj", "{A2C86A91-E6CA-49A2-9F21-3CC41515497E}"
EndProject
Project("{9A19103F-16F7-4668-BE54-9A1E7A4F7556}") = "Ultils", "src\Ultils\Ultils.csproj", "{D9ECE9D4-B279-437D-A849-EAD5D35A8D82}"
EndProject
Project("{9A19103F-16F7-4668-BE54-9A1E7A4F7556}") = "LS_ERP.Kanban", "src\LS_ERP.Kanban\LS_ERP.Kanban.csproj", "{388D446A-9692-4D0C-AF8A-C045AF8B7CD0}"
EndProject
Project("{9A19103F-16F7-4668-BE54-9A1E7A4F7556}") = "LS-ERP.Integrate", "src\LS-ERP.Integrate\LS-ERP.Integrate.csproj", "{A9E54286-3B8F-41CB-BB78-14AA6AAD2FFE}"
EndProject
Global
	GlobalSection(SolutionConfigurationPlatforms) = preSolution
		Ad-Hoc|Any CPU = Ad-Hoc|Any CPU
		Ad-Hoc|iPhone = Ad-Hoc|iPhone
		Ad-Hoc|iPhoneSimulator = Ad-Hoc|iPhoneSimulator
		Ad-Hoc|x86 = Ad-Hoc|x86
		AppStore|Any CPU = AppStore|Any CPU
		AppStore|iPhone = AppStore|iPhone
		AppStore|iPhoneSimulator = AppStore|iPhoneSimulator
		AppStore|x86 = AppStore|x86
		Debug|Any CPU = Debug|Any CPU
		Debug|iPhone = Debug|iPhone
		Debug|iPhoneSimulator = Debug|iPhoneSimulator
		Debug|x86 = Debug|x86
		Release|Any CPU = Release|Any CPU
		Release|iPhone = Release|iPhone
		Release|iPhoneSimulator = Release|iPhoneSimulator
		Release|x86 = Release|x86
	EndGlobalSection
	GlobalSection(ProjectConfigurationPlatforms) = postSolution
		{4D379B29-083E-47ED-BF1D-5F5AFD8FD784}.Ad-Hoc|Any CPU.ActiveCfg = Release|Any CPU
		{4D379B29-083E-47ED-BF1D-5F5AFD8FD784}.Ad-Hoc|Any CPU.Build.0 = Release|Any CPU
		{4D379B29-083E-47ED-BF1D-5F5AFD8FD784}.Ad-Hoc|iPhone.ActiveCfg = Release|Any CPU
		{4D379B29-083E-47ED-BF1D-5F5AFD8FD784}.Ad-Hoc|iPhone.Build.0 = Release|Any CPU
		{4D379B29-083E-47ED-BF1D-5F5AFD8FD784}.Ad-Hoc|iPhoneSimulator.ActiveCfg = Release|Any CPU
		{4D379B29-083E-47ED-BF1D-5F5AFD8FD784}.Ad-Hoc|iPhoneSimulator.Build.0 = Release|Any CPU
		{4D379B29-083E-47ED-BF1D-5F5AFD8FD784}.Ad-Hoc|x86.ActiveCfg = Release|Any CPU
		{4D379B29-083E-47ED-BF1D-5F5AFD8FD784}.Ad-Hoc|x86.Build.0 = Release|Any CPU
		{4D379B29-083E-47ED-BF1D-5F5AFD8FD784}.AppStore|Any CPU.ActiveCfg = Release|Any CPU
		{4D379B29-083E-47ED-BF1D-5F5AFD8FD784}.AppStore|Any CPU.Build.0 = Release|Any CPU
		{4D379B29-083E-47ED-BF1D-5F5AFD8FD784}.AppStore|iPhone.ActiveCfg = Release|Any CPU
		{4D379B29-083E-47ED-BF1D-5F5AFD8FD784}.AppStore|iPhone.Build.0 = Release|Any CPU
		{4D379B29-083E-47ED-BF1D-5F5AFD8FD784}.AppStore|iPhoneSimulator.ActiveCfg = Release|Any CPU
		{4D379B29-083E-47ED-BF1D-5F5AFD8FD784}.AppStore|iPhoneSimulator.Build.0 = Release|Any CPU
		{4D379B29-083E-47ED-BF1D-5F5AFD8FD784}.AppStore|x86.ActiveCfg = Release|Any CPU
		{4D379B29-083E-47ED-BF1D-5F5AFD8FD784}.AppStore|x86.Build.0 = Release|Any CPU
		{4D379B29-083E-47ED-BF1D-5F5AFD8FD784}.Debug|Any CPU.ActiveCfg = Debug|Any CPU
		{4D379B29-083E-47ED-BF1D-5F5AFD8FD784}.Debug|Any CPU.Build.0 = Debug|Any CPU
		{4D379B29-083E-47ED-BF1D-5F5AFD8FD784}.Debug|iPhone.ActiveCfg = Debug|Any CPU
		{4D379B29-083E-47ED-BF1D-5F5AFD8FD784}.Debug|iPhone.Build.0 = Debug|Any CPU
		{4D379B29-083E-47ED-BF1D-5F5AFD8FD784}.Debug|iPhoneSimulator.ActiveCfg = Debug|Any CPU
		{4D379B29-083E-47ED-BF1D-5F5AFD8FD784}.Debug|iPhoneSimulator.Build.0 = Debug|Any CPU
		{4D379B29-083E-47ED-BF1D-5F5AFD8FD784}.Debug|x86.ActiveCfg = Debug|Any CPU
		{4D379B29-083E-47ED-BF1D-5F5AFD8FD784}.Debug|x86.Build.0 = Debug|Any CPU
		{4D379B29-083E-47ED-BF1D-5F5AFD8FD784}.Release|Any CPU.ActiveCfg = Release|Any CPU
		{4D379B29-083E-47ED-BF1D-5F5AFD8FD784}.Release|Any CPU.Build.0 = Release|Any CPU
		{4D379B29-083E-47ED-BF1D-5F5AFD8FD784}.Release|iPhone.ActiveCfg = Release|Any CPU
		{4D379B29-083E-47ED-BF1D-5F5AFD8FD784}.Release|iPhone.Build.0 = Release|Any CPU
		{4D379B29-083E-47ED-BF1D-5F5AFD8FD784}.Release|iPhoneSimulator.ActiveCfg = Release|Any CPU
		{4D379B29-083E-47ED-BF1D-5F5AFD8FD784}.Release|iPhoneSimulator.Build.0 = Release|Any CPU
		{4D379B29-083E-47ED-BF1D-5F5AFD8FD784}.Release|x86.ActiveCfg = Release|Any CPU
		{4D379B29-083E-47ED-BF1D-5F5AFD8FD784}.Release|x86.Build.0 = Release|Any CPU
		{A2E33A04-EEC8-4862-BE11-6A1DFA79A3F6}.Ad-Hoc|Any CPU.ActiveCfg = Release|Any CPU
		{A2E33A04-EEC8-4862-BE11-6A1DFA79A3F6}.Ad-Hoc|Any CPU.Build.0 = Release|Any CPU
		{A2E33A04-EEC8-4862-BE11-6A1DFA79A3F6}.Ad-Hoc|iPhone.ActiveCfg = Release|Any CPU
		{A2E33A04-EEC8-4862-BE11-6A1DFA79A3F6}.Ad-Hoc|iPhone.Build.0 = Release|Any CPU
		{A2E33A04-EEC8-4862-BE11-6A1DFA79A3F6}.Ad-Hoc|iPhoneSimulator.ActiveCfg = Release|Any CPU
		{A2E33A04-EEC8-4862-BE11-6A1DFA79A3F6}.Ad-Hoc|iPhoneSimulator.Build.0 = Release|Any CPU
		{A2E33A04-EEC8-4862-BE11-6A1DFA79A3F6}.Ad-Hoc|x86.ActiveCfg = Release|Any CPU
		{A2E33A04-EEC8-4862-BE11-6A1DFA79A3F6}.Ad-Hoc|x86.Build.0 = Release|Any CPU
		{A2E33A04-EEC8-4862-BE11-6A1DFA79A3F6}.AppStore|Any CPU.ActiveCfg = Release|Any CPU
		{A2E33A04-EEC8-4862-BE11-6A1DFA79A3F6}.AppStore|Any CPU.Build.0 = Release|Any CPU
		{A2E33A04-EEC8-4862-BE11-6A1DFA79A3F6}.AppStore|iPhone.ActiveCfg = Release|Any CPU
		{A2E33A04-EEC8-4862-BE11-6A1DFA79A3F6}.AppStore|iPhone.Build.0 = Release|Any CPU
		{A2E33A04-EEC8-4862-BE11-6A1DFA79A3F6}.AppStore|iPhoneSimulator.ActiveCfg = Release|Any CPU
		{A2E33A04-EEC8-4862-BE11-6A1DFA79A3F6}.AppStore|iPhoneSimulator.Build.0 = Release|Any CPU
		{A2E33A04-EEC8-4862-BE11-6A1DFA79A3F6}.AppStore|x86.ActiveCfg = Release|Any CPU
		{A2E33A04-EEC8-4862-BE11-6A1DFA79A3F6}.AppStore|x86.Build.0 = Release|Any CPU
		{A2E33A04-EEC8-4862-BE11-6A1DFA79A3F6}.Debug|Any CPU.ActiveCfg = Debug|Any CPU
		{A2E33A04-EEC8-4862-BE11-6A1DFA79A3F6}.Debug|Any CPU.Build.0 = Debug|Any CPU
		{A2E33A04-EEC8-4862-BE11-6A1DFA79A3F6}.Debug|iPhone.ActiveCfg = Debug|Any CPU
		{A2E33A04-EEC8-4862-BE11-6A1DFA79A3F6}.Debug|iPhone.Build.0 = Debug|Any CPU
		{A2E33A04-EEC8-4862-BE11-6A1DFA79A3F6}.Debug|iPhoneSimulator.ActiveCfg = Debug|Any CPU
		{A2E33A04-EEC8-4862-BE11-6A1DFA79A3F6}.Debug|iPhoneSimulator.Build.0 = Debug|Any CPU
		{A2E33A04-EEC8-4862-BE11-6A1DFA79A3F6}.Debug|x86.ActiveCfg = Debug|Any CPU
		{A2E33A04-EEC8-4862-BE11-6A1DFA79A3F6}.Debug|x86.Build.0 = Debug|Any CPU
		{A2E33A04-EEC8-4862-BE11-6A1DFA79A3F6}.Release|Any CPU.ActiveCfg = Release|Any CPU
		{A2E33A04-EEC8-4862-BE11-6A1DFA79A3F6}.Release|Any CPU.Build.0 = Release|Any CPU
		{A2E33A04-EEC8-4862-BE11-6A1DFA79A3F6}.Release|iPhone.ActiveCfg = Release|Any CPU
		{A2E33A04-EEC8-4862-BE11-6A1DFA79A3F6}.Release|iPhone.Build.0 = Release|Any CPU
		{A2E33A04-EEC8-4862-BE11-6A1DFA79A3F6}.Release|iPhoneSimulator.ActiveCfg = Release|Any CPU
		{A2E33A04-EEC8-4862-BE11-6A1DFA79A3F6}.Release|iPhoneSimulator.Build.0 = Release|Any CPU
		{A2E33A04-EEC8-4862-BE11-6A1DFA79A3F6}.Release|x86.ActiveCfg = Release|Any CPU
		{A2E33A04-EEC8-4862-BE11-6A1DFA79A3F6}.Release|x86.Build.0 = Release|Any CPU
		{8331C588-D406-4865-A175-EFC0E8434F61}.Ad-Hoc|Any CPU.ActiveCfg = Release|Any CPU
		{8331C588-D406-4865-A175-EFC0E8434F61}.Ad-Hoc|Any CPU.Build.0 = Release|Any CPU
		{8331C588-D406-4865-A175-EFC0E8434F61}.Ad-Hoc|iPhone.ActiveCfg = Release|Any CPU
		{8331C588-D406-4865-A175-EFC0E8434F61}.Ad-Hoc|iPhone.Build.0 = Release|Any CPU
		{8331C588-D406-4865-A175-EFC0E8434F61}.Ad-Hoc|iPhoneSimulator.ActiveCfg = Release|Any CPU
		{8331C588-D406-4865-A175-EFC0E8434F61}.Ad-Hoc|iPhoneSimulator.Build.0 = Release|Any CPU
		{8331C588-D406-4865-A175-EFC0E8434F61}.Ad-Hoc|x86.ActiveCfg = Release|Any CPU
		{8331C588-D406-4865-A175-EFC0E8434F61}.Ad-Hoc|x86.Build.0 = Release|Any CPU
		{8331C588-D406-4865-A175-EFC0E8434F61}.AppStore|Any CPU.ActiveCfg = Release|Any CPU
		{8331C588-D406-4865-A175-EFC0E8434F61}.AppStore|Any CPU.Build.0 = Release|Any CPU
		{8331C588-D406-4865-A175-EFC0E8434F61}.AppStore|iPhone.ActiveCfg = Release|Any CPU
		{8331C588-D406-4865-A175-EFC0E8434F61}.AppStore|iPhone.Build.0 = Release|Any CPU
		{8331C588-D406-4865-A175-EFC0E8434F61}.AppStore|iPhoneSimulator.ActiveCfg = Release|Any CPU
		{8331C588-D406-4865-A175-EFC0E8434F61}.AppStore|iPhoneSimulator.Build.0 = Release|Any CPU
		{8331C588-D406-4865-A175-EFC0E8434F61}.AppStore|x86.ActiveCfg = Release|Any CPU
		{8331C588-D406-4865-A175-EFC0E8434F61}.AppStore|x86.Build.0 = Release|Any CPU
		{8331C588-D406-4865-A175-EFC0E8434F61}.Debug|Any CPU.ActiveCfg = Debug|Any CPU
		{8331C588-D406-4865-A175-EFC0E8434F61}.Debug|Any CPU.Build.0 = Debug|Any CPU
		{8331C588-D406-4865-A175-EFC0E8434F61}.Debug|iPhone.ActiveCfg = Debug|Any CPU
		{8331C588-D406-4865-A175-EFC0E8434F61}.Debug|iPhone.Build.0 = Debug|Any CPU
		{8331C588-D406-4865-A175-EFC0E8434F61}.Debug|iPhoneSimulator.ActiveCfg = Debug|Any CPU
		{8331C588-D406-4865-A175-EFC0E8434F61}.Debug|iPhoneSimulator.Build.0 = Debug|Any CPU
		{8331C588-D406-4865-A175-EFC0E8434F61}.Debug|x86.ActiveCfg = Debug|Any CPU
		{8331C588-D406-4865-A175-EFC0E8434F61}.Debug|x86.Build.0 = Debug|Any CPU
		{8331C588-D406-4865-A175-EFC0E8434F61}.Release|Any CPU.ActiveCfg = Release|Any CPU
		{8331C588-D406-4865-A175-EFC0E8434F61}.Release|Any CPU.Build.0 = Release|Any CPU
		{8331C588-D406-4865-A175-EFC0E8434F61}.Release|iPhone.ActiveCfg = Release|Any CPU
		{8331C588-D406-4865-A175-EFC0E8434F61}.Release|iPhone.Build.0 = Release|Any CPU
		{8331C588-D406-4865-A175-EFC0E8434F61}.Release|iPhoneSimulator.ActiveCfg = Release|Any CPU
		{8331C588-D406-4865-A175-EFC0E8434F61}.Release|iPhoneSimulator.Build.0 = Release|Any CPU
		{8331C588-D406-4865-A175-EFC0E8434F61}.Release|x86.ActiveCfg = Release|Any CPU
		{8331C588-D406-4865-A175-EFC0E8434F61}.Release|x86.Build.0 = Release|Any CPU
		{F743D2D9-29D3-46F9-80F1-53C135947986}.Ad-Hoc|Any CPU.ActiveCfg = Release|Any CPU
		{F743D2D9-29D3-46F9-80F1-53C135947986}.Ad-Hoc|Any CPU.Build.0 = Release|Any CPU
		{F743D2D9-29D3-46F9-80F1-53C135947986}.Ad-Hoc|iPhone.ActiveCfg = Release|Any CPU
		{F743D2D9-29D3-46F9-80F1-53C135947986}.Ad-Hoc|iPhone.Build.0 = Release|Any CPU
		{F743D2D9-29D3-46F9-80F1-53C135947986}.Ad-Hoc|iPhoneSimulator.ActiveCfg = Release|Any CPU
		{F743D2D9-29D3-46F9-80F1-53C135947986}.Ad-Hoc|iPhoneSimulator.Build.0 = Release|Any CPU
		{F743D2D9-29D3-46F9-80F1-53C135947986}.Ad-Hoc|x86.ActiveCfg = Release|Any CPU
		{F743D2D9-29D3-46F9-80F1-53C135947986}.Ad-Hoc|x86.Build.0 = Release|Any CPU
		{F743D2D9-29D3-46F9-80F1-53C135947986}.AppStore|Any CPU.ActiveCfg = Release|Any CPU
		{F743D2D9-29D3-46F9-80F1-53C135947986}.AppStore|Any CPU.Build.0 = Release|Any CPU
		{F743D2D9-29D3-46F9-80F1-53C135947986}.AppStore|iPhone.ActiveCfg = Release|Any CPU
		{F743D2D9-29D3-46F9-80F1-53C135947986}.AppStore|iPhone.Build.0 = Release|Any CPU
		{F743D2D9-29D3-46F9-80F1-53C135947986}.AppStore|iPhoneSimulator.ActiveCfg = Release|Any CPU
		{F743D2D9-29D3-46F9-80F1-53C135947986}.AppStore|iPhoneSimulator.Build.0 = Release|Any CPU
		{F743D2D9-29D3-46F9-80F1-53C135947986}.AppStore|x86.ActiveCfg = Release|Any CPU
		{F743D2D9-29D3-46F9-80F1-53C135947986}.AppStore|x86.Build.0 = Release|Any CPU
		{F743D2D9-29D3-46F9-80F1-53C135947986}.Debug|Any CPU.ActiveCfg = Debug|Any CPU
		{F743D2D9-29D3-46F9-80F1-53C135947986}.Debug|Any CPU.Build.0 = Debug|Any CPU
		{F743D2D9-29D3-46F9-80F1-53C135947986}.Debug|iPhone.ActiveCfg = Debug|Any CPU
		{F743D2D9-29D3-46F9-80F1-53C135947986}.Debug|iPhone.Build.0 = Debug|Any CPU
		{F743D2D9-29D3-46F9-80F1-53C135947986}.Debug|iPhoneSimulator.ActiveCfg = Debug|Any CPU
		{F743D2D9-29D3-46F9-80F1-53C135947986}.Debug|iPhoneSimulator.Build.0 = Debug|Any CPU
		{F743D2D9-29D3-46F9-80F1-53C135947986}.Debug|x86.ActiveCfg = Debug|Any CPU
		{F743D2D9-29D3-46F9-80F1-53C135947986}.Debug|x86.Build.0 = Debug|Any CPU
		{F743D2D9-29D3-46F9-80F1-53C135947986}.Release|Any CPU.ActiveCfg = Release|Any CPU
		{F743D2D9-29D3-46F9-80F1-53C135947986}.Release|Any CPU.Build.0 = Release|Any CPU
		{F743D2D9-29D3-46F9-80F1-53C135947986}.Release|iPhone.ActiveCfg = Release|Any CPU
		{F743D2D9-29D3-46F9-80F1-53C135947986}.Release|iPhone.Build.0 = Release|Any CPU
		{F743D2D9-29D3-46F9-80F1-53C135947986}.Release|iPhoneSimulator.ActiveCfg = Release|Any CPU
		{F743D2D9-29D3-46F9-80F1-53C135947986}.Release|iPhoneSimulator.Build.0 = Release|Any CPU
		{F743D2D9-29D3-46F9-80F1-53C135947986}.Release|x86.ActiveCfg = Release|Any CPU
		{F743D2D9-29D3-46F9-80F1-53C135947986}.Release|x86.Build.0 = Release|Any CPU
		{61B44796-B1FF-4651-849B-D4BD69AFEAA9}.Ad-Hoc|Any CPU.ActiveCfg = Release|Any CPU
		{61B44796-B1FF-4651-849B-D4BD69AFEAA9}.Ad-Hoc|Any CPU.Build.0 = Release|Any CPU
		{61B44796-B1FF-4651-849B-D4BD69AFEAA9}.Ad-Hoc|iPhone.ActiveCfg = Release|Any CPU
		{61B44796-B1FF-4651-849B-D4BD69AFEAA9}.Ad-Hoc|iPhone.Build.0 = Release|Any CPU
		{61B44796-B1FF-4651-849B-D4BD69AFEAA9}.Ad-Hoc|iPhoneSimulator.ActiveCfg = Release|Any CPU
		{61B44796-B1FF-4651-849B-D4BD69AFEAA9}.Ad-Hoc|iPhoneSimulator.Build.0 = Release|Any CPU
		{61B44796-B1FF-4651-849B-D4BD69AFEAA9}.Ad-Hoc|x86.ActiveCfg = Release|Any CPU
		{61B44796-B1FF-4651-849B-D4BD69AFEAA9}.Ad-Hoc|x86.Build.0 = Release|Any CPU
		{61B44796-B1FF-4651-849B-D4BD69AFEAA9}.AppStore|Any CPU.ActiveCfg = Release|Any CPU
		{61B44796-B1FF-4651-849B-D4BD69AFEAA9}.AppStore|Any CPU.Build.0 = Release|Any CPU
		{61B44796-B1FF-4651-849B-D4BD69AFEAA9}.AppStore|iPhone.ActiveCfg = Release|Any CPU
		{61B44796-B1FF-4651-849B-D4BD69AFEAA9}.AppStore|iPhone.Build.0 = Release|Any CPU
		{61B44796-B1FF-4651-849B-D4BD69AFEAA9}.AppStore|iPhoneSimulator.ActiveCfg = Release|Any CPU
		{61B44796-B1FF-4651-849B-D4BD69AFEAA9}.AppStore|iPhoneSimulator.Build.0 = Release|Any CPU
		{61B44796-B1FF-4651-849B-D4BD69AFEAA9}.AppStore|x86.ActiveCfg = Release|Any CPU
		{61B44796-B1FF-4651-849B-D4BD69AFEAA9}.AppStore|x86.Build.0 = Release|Any CPU
		{61B44796-B1FF-4651-849B-D4BD69AFEAA9}.Debug|Any CPU.ActiveCfg = Debug|Any CPU
		{61B44796-B1FF-4651-849B-D4BD69AFEAA9}.Debug|Any CPU.Build.0 = Debug|Any CPU
		{61B44796-B1FF-4651-849B-D4BD69AFEAA9}.Debug|iPhone.ActiveCfg = Debug|Any CPU
		{61B44796-B1FF-4651-849B-D4BD69AFEAA9}.Debug|iPhone.Build.0 = Debug|Any CPU
		{61B44796-B1FF-4651-849B-D4BD69AFEAA9}.Debug|iPhoneSimulator.ActiveCfg = Debug|Any CPU
		{61B44796-B1FF-4651-849B-D4BD69AFEAA9}.Debug|iPhoneSimulator.Build.0 = Debug|Any CPU
		{61B44796-B1FF-4651-849B-D4BD69AFEAA9}.Debug|x86.ActiveCfg = Debug|Any CPU
		{61B44796-B1FF-4651-849B-D4BD69AFEAA9}.Debug|x86.Build.0 = Debug|Any CPU
		{61B44796-B1FF-4651-849B-D4BD69AFEAA9}.Release|Any CPU.ActiveCfg = Release|Any CPU
		{61B44796-B1FF-4651-849B-D4BD69AFEAA9}.Release|Any CPU.Build.0 = Release|Any CPU
		{61B44796-B1FF-4651-849B-D4BD69AFEAA9}.Release|iPhone.ActiveCfg = Release|Any CPU
		{61B44796-B1FF-4651-849B-D4BD69AFEAA9}.Release|iPhone.Build.0 = Release|Any CPU
		{61B44796-B1FF-4651-849B-D4BD69AFEAA9}.Release|iPhoneSimulator.ActiveCfg = Release|Any CPU
		{61B44796-B1FF-4651-849B-D4BD69AFEAA9}.Release|iPhoneSimulator.Build.0 = Release|Any CPU
		{61B44796-B1FF-4651-849B-D4BD69AFEAA9}.Release|x86.ActiveCfg = Release|Any CPU
		{61B44796-B1FF-4651-849B-D4BD69AFEAA9}.Release|x86.Build.0 = Release|Any CPU
		{48AEC31C-24AB-431B-8CA8-1DCE4DDC7387}.Ad-Hoc|Any CPU.ActiveCfg = Release|Any CPU
		{48AEC31C-24AB-431B-8CA8-1DCE4DDC7387}.Ad-Hoc|Any CPU.Build.0 = Release|Any CPU
		{48AEC31C-24AB-431B-8CA8-1DCE4DDC7387}.Ad-Hoc|iPhone.ActiveCfg = Release|Any CPU
		{48AEC31C-24AB-431B-8CA8-1DCE4DDC7387}.Ad-Hoc|iPhone.Build.0 = Release|Any CPU
		{48AEC31C-24AB-431B-8CA8-1DCE4DDC7387}.Ad-Hoc|iPhoneSimulator.ActiveCfg = Release|Any CPU
		{48AEC31C-24AB-431B-8CA8-1DCE4DDC7387}.Ad-Hoc|iPhoneSimulator.Build.0 = Release|Any CPU
		{48AEC31C-24AB-431B-8CA8-1DCE4DDC7387}.Ad-Hoc|x86.ActiveCfg = Release|Any CPU
		{48AEC31C-24AB-431B-8CA8-1DCE4DDC7387}.Ad-Hoc|x86.Build.0 = Release|Any CPU
		{48AEC31C-24AB-431B-8CA8-1DCE4DDC7387}.AppStore|Any CPU.ActiveCfg = Release|Any CPU
		{48AEC31C-24AB-431B-8CA8-1DCE4DDC7387}.AppStore|Any CPU.Build.0 = Release|Any CPU
		{48AEC31C-24AB-431B-8CA8-1DCE4DDC7387}.AppStore|iPhone.ActiveCfg = Release|Any CPU
		{48AEC31C-24AB-431B-8CA8-1DCE4DDC7387}.AppStore|iPhone.Build.0 = Release|Any CPU
		{48AEC31C-24AB-431B-8CA8-1DCE4DDC7387}.AppStore|iPhoneSimulator.ActiveCfg = Release|Any CPU
		{48AEC31C-24AB-431B-8CA8-1DCE4DDC7387}.AppStore|iPhoneSimulator.Build.0 = Release|Any CPU
		{48AEC31C-24AB-431B-8CA8-1DCE4DDC7387}.AppStore|x86.ActiveCfg = Release|Any CPU
		{48AEC31C-24AB-431B-8CA8-1DCE4DDC7387}.AppStore|x86.Build.0 = Release|Any CPU
		{48AEC31C-24AB-431B-8CA8-1DCE4DDC7387}.Debug|Any CPU.ActiveCfg = Debug|Any CPU
		{48AEC31C-24AB-431B-8CA8-1DCE4DDC7387}.Debug|Any CPU.Build.0 = Debug|Any CPU
		{48AEC31C-24AB-431B-8CA8-1DCE4DDC7387}.Debug|iPhone.ActiveCfg = Debug|Any CPU
		{48AEC31C-24AB-431B-8CA8-1DCE4DDC7387}.Debug|iPhone.Build.0 = Debug|Any CPU
		{48AEC31C-24AB-431B-8CA8-1DCE4DDC7387}.Debug|iPhoneSimulator.ActiveCfg = Debug|Any CPU
		{48AEC31C-24AB-431B-8CA8-1DCE4DDC7387}.Debug|iPhoneSimulator.Build.0 = Debug|Any CPU
		{48AEC31C-24AB-431B-8CA8-1DCE4DDC7387}.Debug|x86.ActiveCfg = Debug|Any CPU
		{48AEC31C-24AB-431B-8CA8-1DCE4DDC7387}.Debug|x86.Build.0 = Debug|Any CPU
		{48AEC31C-24AB-431B-8CA8-1DCE4DDC7387}.Release|Any CPU.ActiveCfg = Release|Any CPU
		{48AEC31C-24AB-431B-8CA8-1DCE4DDC7387}.Release|Any CPU.Build.0 = Release|Any CPU
		{48AEC31C-24AB-431B-8CA8-1DCE4DDC7387}.Release|iPhone.ActiveCfg = Release|Any CPU
		{48AEC31C-24AB-431B-8CA8-1DCE4DDC7387}.Release|iPhone.Build.0 = Release|Any CPU
		{48AEC31C-24AB-431B-8CA8-1DCE4DDC7387}.Release|iPhoneSimulator.ActiveCfg = Release|Any CPU
		{48AEC31C-24AB-431B-8CA8-1DCE4DDC7387}.Release|iPhoneSimulator.Build.0 = Release|Any CPU
		{48AEC31C-24AB-431B-8CA8-1DCE4DDC7387}.Release|x86.ActiveCfg = Release|Any CPU
		{48AEC31C-24AB-431B-8CA8-1DCE4DDC7387}.Release|x86.Build.0 = Release|Any CPU
		{E424AD2C-2B9C-46F8-BC7B-764BA16D82ED}.Ad-Hoc|Any CPU.ActiveCfg = Release|Any CPU
		{E424AD2C-2B9C-46F8-BC7B-764BA16D82ED}.Ad-Hoc|Any CPU.Build.0 = Release|Any CPU
		{E424AD2C-2B9C-46F8-BC7B-764BA16D82ED}.Ad-Hoc|iPhone.ActiveCfg = Release|Any CPU
		{E424AD2C-2B9C-46F8-BC7B-764BA16D82ED}.Ad-Hoc|iPhone.Build.0 = Release|Any CPU
		{E424AD2C-2B9C-46F8-BC7B-764BA16D82ED}.Ad-Hoc|iPhoneSimulator.ActiveCfg = Release|Any CPU
		{E424AD2C-2B9C-46F8-BC7B-764BA16D82ED}.Ad-Hoc|iPhoneSimulator.Build.0 = Release|Any CPU
		{E424AD2C-2B9C-46F8-BC7B-764BA16D82ED}.Ad-Hoc|x86.ActiveCfg = Release|Any CPU
		{E424AD2C-2B9C-46F8-BC7B-764BA16D82ED}.Ad-Hoc|x86.Build.0 = Release|Any CPU
		{E424AD2C-2B9C-46F8-BC7B-764BA16D82ED}.AppStore|Any CPU.ActiveCfg = Release|Any CPU
		{E424AD2C-2B9C-46F8-BC7B-764BA16D82ED}.AppStore|Any CPU.Build.0 = Release|Any CPU
		{E424AD2C-2B9C-46F8-BC7B-764BA16D82ED}.AppStore|iPhone.ActiveCfg = Release|Any CPU
		{E424AD2C-2B9C-46F8-BC7B-764BA16D82ED}.AppStore|iPhone.Build.0 = Release|Any CPU
		{E424AD2C-2B9C-46F8-BC7B-764BA16D82ED}.AppStore|iPhoneSimulator.ActiveCfg = Release|Any CPU
		{E424AD2C-2B9C-46F8-BC7B-764BA16D82ED}.AppStore|iPhoneSimulator.Build.0 = Release|Any CPU
		{E424AD2C-2B9C-46F8-BC7B-764BA16D82ED}.AppStore|x86.ActiveCfg = Release|Any CPU
		{E424AD2C-2B9C-46F8-BC7B-764BA16D82ED}.AppStore|x86.Build.0 = Release|Any CPU
		{E424AD2C-2B9C-46F8-BC7B-764BA16D82ED}.Debug|Any CPU.ActiveCfg = Debug|Any CPU
		{E424AD2C-2B9C-46F8-BC7B-764BA16D82ED}.Debug|Any CPU.Build.0 = Debug|Any CPU
		{E424AD2C-2B9C-46F8-BC7B-764BA16D82ED}.Debug|iPhone.ActiveCfg = Debug|Any CPU
		{E424AD2C-2B9C-46F8-BC7B-764BA16D82ED}.Debug|iPhone.Build.0 = Debug|Any CPU
		{E424AD2C-2B9C-46F8-BC7B-764BA16D82ED}.Debug|iPhoneSimulator.ActiveCfg = Debug|Any CPU
		{E424AD2C-2B9C-46F8-BC7B-764BA16D82ED}.Debug|iPhoneSimulator.Build.0 = Debug|Any CPU
		{E424AD2C-2B9C-46F8-BC7B-764BA16D82ED}.Debug|x86.ActiveCfg = Debug|Any CPU
		{E424AD2C-2B9C-46F8-BC7B-764BA16D82ED}.Debug|x86.Build.0 = Debug|Any CPU
		{E424AD2C-2B9C-46F8-BC7B-764BA16D82ED}.Release|Any CPU.ActiveCfg = Release|Any CPU
		{E424AD2C-2B9C-46F8-BC7B-764BA16D82ED}.Release|Any CPU.Build.0 = Release|Any CPU
		{E424AD2C-2B9C-46F8-BC7B-764BA16D82ED}.Release|iPhone.ActiveCfg = Release|Any CPU
		{E424AD2C-2B9C-46F8-BC7B-764BA16D82ED}.Release|iPhone.Build.0 = Release|Any CPU
		{E424AD2C-2B9C-46F8-BC7B-764BA16D82ED}.Release|iPhoneSimulator.ActiveCfg = Release|Any CPU
		{E424AD2C-2B9C-46F8-BC7B-764BA16D82ED}.Release|iPhoneSimulator.Build.0 = Release|Any CPU
		{E424AD2C-2B9C-46F8-BC7B-764BA16D82ED}.Release|x86.ActiveCfg = Release|Any CPU
		{E424AD2C-2B9C-46F8-BC7B-764BA16D82ED}.Release|x86.Build.0 = Release|Any CPU
		{47573353-423F-49C5-82A8-E26DA51C1F47}.Ad-Hoc|Any CPU.ActiveCfg = Release|Any CPU
		{47573353-423F-49C5-82A8-E26DA51C1F47}.Ad-Hoc|Any CPU.Build.0 = Release|Any CPU
		{47573353-423F-49C5-82A8-E26DA51C1F47}.Ad-Hoc|iPhone.ActiveCfg = Release|Any CPU
		{47573353-423F-49C5-82A8-E26DA51C1F47}.Ad-Hoc|iPhone.Build.0 = Release|Any CPU
		{47573353-423F-49C5-82A8-E26DA51C1F47}.Ad-Hoc|iPhoneSimulator.ActiveCfg = Release|Any CPU
		{47573353-423F-49C5-82A8-E26DA51C1F47}.Ad-Hoc|iPhoneSimulator.Build.0 = Release|Any CPU
		{47573353-423F-49C5-82A8-E26DA51C1F47}.Ad-Hoc|x86.ActiveCfg = Release|Any CPU
		{47573353-423F-49C5-82A8-E26DA51C1F47}.Ad-Hoc|x86.Build.0 = Release|Any CPU
		{47573353-423F-49C5-82A8-E26DA51C1F47}.AppStore|Any CPU.ActiveCfg = Release|Any CPU
		{47573353-423F-49C5-82A8-E26DA51C1F47}.AppStore|Any CPU.Build.0 = Release|Any CPU
		{47573353-423F-49C5-82A8-E26DA51C1F47}.AppStore|iPhone.ActiveCfg = Release|Any CPU
		{47573353-423F-49C5-82A8-E26DA51C1F47}.AppStore|iPhone.Build.0 = Release|Any CPU
		{47573353-423F-49C5-82A8-E26DA51C1F47}.AppStore|iPhoneSimulator.ActiveCfg = Release|Any CPU
		{47573353-423F-49C5-82A8-E26DA51C1F47}.AppStore|iPhoneSimulator.Build.0 = Release|Any CPU
		{47573353-423F-49C5-82A8-E26DA51C1F47}.AppStore|x86.ActiveCfg = Release|Any CPU
		{47573353-423F-49C5-82A8-E26DA51C1F47}.AppStore|x86.Build.0 = Release|Any CPU
		{47573353-423F-49C5-82A8-E26DA51C1F47}.Debug|Any CPU.ActiveCfg = Debug|Any CPU
		{47573353-423F-49C5-82A8-E26DA51C1F47}.Debug|Any CPU.Build.0 = Debug|Any CPU
		{47573353-423F-49C5-82A8-E26DA51C1F47}.Debug|iPhone.ActiveCfg = Debug|Any CPU
		{47573353-423F-49C5-82A8-E26DA51C1F47}.Debug|iPhone.Build.0 = Debug|Any CPU
		{47573353-423F-49C5-82A8-E26DA51C1F47}.Debug|iPhoneSimulator.ActiveCfg = Debug|Any CPU
		{47573353-423F-49C5-82A8-E26DA51C1F47}.Debug|iPhoneSimulator.Build.0 = Debug|Any CPU
		{47573353-423F-49C5-82A8-E26DA51C1F47}.Debug|x86.ActiveCfg = Debug|Any CPU
		{47573353-423F-49C5-82A8-E26DA51C1F47}.Debug|x86.Build.0 = Debug|Any CPU
		{47573353-423F-49C5-82A8-E26DA51C1F47}.Release|Any CPU.ActiveCfg = Release|Any CPU
		{47573353-423F-49C5-82A8-E26DA51C1F47}.Release|Any CPU.Build.0 = Release|Any CPU
		{47573353-423F-49C5-82A8-E26DA51C1F47}.Release|iPhone.ActiveCfg = Release|Any CPU
		{47573353-423F-49C5-82A8-E26DA51C1F47}.Release|iPhone.Build.0 = Release|Any CPU
		{47573353-423F-49C5-82A8-E26DA51C1F47}.Release|iPhoneSimulator.ActiveCfg = Release|Any CPU
		{47573353-423F-49C5-82A8-E26DA51C1F47}.Release|iPhoneSimulator.Build.0 = Release|Any CPU
		{47573353-423F-49C5-82A8-E26DA51C1F47}.Release|x86.ActiveCfg = Release|Any CPU
		{47573353-423F-49C5-82A8-E26DA51C1F47}.Release|x86.Build.0 = Release|Any CPU
		{7003FE04-114A-4579-83EB-4090EBE80582}.Ad-Hoc|Any CPU.ActiveCfg = Release|Any CPU
		{7003FE04-114A-4579-83EB-4090EBE80582}.Ad-Hoc|Any CPU.Build.0 = Release|Any CPU
		{7003FE04-114A-4579-83EB-4090EBE80582}.Ad-Hoc|iPhone.ActiveCfg = Release|Any CPU
		{7003FE04-114A-4579-83EB-4090EBE80582}.Ad-Hoc|iPhone.Build.0 = Release|Any CPU
		{7003FE04-114A-4579-83EB-4090EBE80582}.Ad-Hoc|iPhoneSimulator.ActiveCfg = Release|Any CPU
		{7003FE04-114A-4579-83EB-4090EBE80582}.Ad-Hoc|iPhoneSimulator.Build.0 = Release|Any CPU
		{7003FE04-114A-4579-83EB-4090EBE80582}.Ad-Hoc|x86.ActiveCfg = Release|Any CPU
		{7003FE04-114A-4579-83EB-4090EBE80582}.Ad-Hoc|x86.Build.0 = Release|Any CPU
		{7003FE04-114A-4579-83EB-4090EBE80582}.AppStore|Any CPU.ActiveCfg = Release|Any CPU
		{7003FE04-114A-4579-83EB-4090EBE80582}.AppStore|Any CPU.Build.0 = Release|Any CPU
		{7003FE04-114A-4579-83EB-4090EBE80582}.AppStore|iPhone.ActiveCfg = Release|Any CPU
		{7003FE04-114A-4579-83EB-4090EBE80582}.AppStore|iPhone.Build.0 = Release|Any CPU
		{7003FE04-114A-4579-83EB-4090EBE80582}.AppStore|iPhoneSimulator.ActiveCfg = Release|Any CPU
		{7003FE04-114A-4579-83EB-4090EBE80582}.AppStore|iPhoneSimulator.Build.0 = Release|Any CPU
		{7003FE04-114A-4579-83EB-4090EBE80582}.AppStore|x86.ActiveCfg = Release|Any CPU
		{7003FE04-114A-4579-83EB-4090EBE80582}.AppStore|x86.Build.0 = Release|Any CPU
		{7003FE04-114A-4579-83EB-4090EBE80582}.Debug|Any CPU.ActiveCfg = Debug|Any CPU
		{7003FE04-114A-4579-83EB-4090EBE80582}.Debug|Any CPU.Build.0 = Debug|Any CPU
		{7003FE04-114A-4579-83EB-4090EBE80582}.Debug|iPhone.ActiveCfg = Debug|Any CPU
		{7003FE04-114A-4579-83EB-4090EBE80582}.Debug|iPhone.Build.0 = Debug|Any CPU
		{7003FE04-114A-4579-83EB-4090EBE80582}.Debug|iPhoneSimulator.ActiveCfg = Debug|Any CPU
		{7003FE04-114A-4579-83EB-4090EBE80582}.Debug|iPhoneSimulator.Build.0 = Debug|Any CPU
		{7003FE04-114A-4579-83EB-4090EBE80582}.Debug|x86.ActiveCfg = Debug|Any CPU
		{7003FE04-114A-4579-83EB-4090EBE80582}.Debug|x86.Build.0 = Debug|Any CPU
		{7003FE04-114A-4579-83EB-4090EBE80582}.Release|Any CPU.ActiveCfg = Release|Any CPU
		{7003FE04-114A-4579-83EB-4090EBE80582}.Release|Any CPU.Build.0 = Release|Any CPU
		{7003FE04-114A-4579-83EB-4090EBE80582}.Release|iPhone.ActiveCfg = Release|Any CPU
		{7003FE04-114A-4579-83EB-4090EBE80582}.Release|iPhone.Build.0 = Release|Any CPU
		{7003FE04-114A-4579-83EB-4090EBE80582}.Release|iPhoneSimulator.ActiveCfg = Release|Any CPU
		{7003FE04-114A-4579-83EB-4090EBE80582}.Release|iPhoneSimulator.Build.0 = Release|Any CPU
		{7003FE04-114A-4579-83EB-4090EBE80582}.Release|x86.ActiveCfg = Release|Any CPU
		{7003FE04-114A-4579-83EB-4090EBE80582}.Release|x86.Build.0 = Release|Any CPU
		{D26A2CFB-1F97-48CD-A4F4-15E1164418C4}.Ad-Hoc|Any CPU.ActiveCfg = Release|Any CPU
		{D26A2CFB-1F97-48CD-A4F4-15E1164418C4}.Ad-Hoc|Any CPU.Build.0 = Release|Any CPU
		{D26A2CFB-1F97-48CD-A4F4-15E1164418C4}.Ad-Hoc|iPhone.ActiveCfg = Release|Any CPU
		{D26A2CFB-1F97-48CD-A4F4-15E1164418C4}.Ad-Hoc|iPhone.Build.0 = Release|Any CPU
		{D26A2CFB-1F97-48CD-A4F4-15E1164418C4}.Ad-Hoc|iPhoneSimulator.ActiveCfg = Release|Any CPU
		{D26A2CFB-1F97-48CD-A4F4-15E1164418C4}.Ad-Hoc|iPhoneSimulator.Build.0 = Release|Any CPU
		{D26A2CFB-1F97-48CD-A4F4-15E1164418C4}.Ad-Hoc|x86.ActiveCfg = Release|Any CPU
		{D26A2CFB-1F97-48CD-A4F4-15E1164418C4}.Ad-Hoc|x86.Build.0 = Release|Any CPU
		{D26A2CFB-1F97-48CD-A4F4-15E1164418C4}.AppStore|Any CPU.ActiveCfg = Release|Any CPU
		{D26A2CFB-1F97-48CD-A4F4-15E1164418C4}.AppStore|Any CPU.Build.0 = Release|Any CPU
		{D26A2CFB-1F97-48CD-A4F4-15E1164418C4}.AppStore|iPhone.ActiveCfg = Release|Any CPU
		{D26A2CFB-1F97-48CD-A4F4-15E1164418C4}.AppStore|iPhone.Build.0 = Release|Any CPU
		{D26A2CFB-1F97-48CD-A4F4-15E1164418C4}.AppStore|iPhoneSimulator.ActiveCfg = Release|Any CPU
		{D26A2CFB-1F97-48CD-A4F4-15E1164418C4}.AppStore|iPhoneSimulator.Build.0 = Release|Any CPU
		{D26A2CFB-1F97-48CD-A4F4-15E1164418C4}.AppStore|x86.ActiveCfg = Release|Any CPU
		{D26A2CFB-1F97-48CD-A4F4-15E1164418C4}.AppStore|x86.Build.0 = Release|Any CPU
		{D26A2CFB-1F97-48CD-A4F4-15E1164418C4}.Debug|Any CPU.ActiveCfg = Debug|Any CPU
		{D26A2CFB-1F97-48CD-A4F4-15E1164418C4}.Debug|Any CPU.Build.0 = Debug|Any CPU
		{D26A2CFB-1F97-48CD-A4F4-15E1164418C4}.Debug|iPhone.ActiveCfg = Debug|Any CPU
		{D26A2CFB-1F97-48CD-A4F4-15E1164418C4}.Debug|iPhone.Build.0 = Debug|Any CPU
		{D26A2CFB-1F97-48CD-A4F4-15E1164418C4}.Debug|iPhoneSimulator.ActiveCfg = Debug|Any CPU
		{D26A2CFB-1F97-48CD-A4F4-15E1164418C4}.Debug|iPhoneSimulator.Build.0 = Debug|Any CPU
		{D26A2CFB-1F97-48CD-A4F4-15E1164418C4}.Debug|x86.ActiveCfg = Debug|Any CPU
		{D26A2CFB-1F97-48CD-A4F4-15E1164418C4}.Debug|x86.Build.0 = Debug|Any CPU
		{D26A2CFB-1F97-48CD-A4F4-15E1164418C4}.Release|Any CPU.ActiveCfg = Release|Any CPU
		{D26A2CFB-1F97-48CD-A4F4-15E1164418C4}.Release|Any CPU.Build.0 = Release|Any CPU
		{D26A2CFB-1F97-48CD-A4F4-15E1164418C4}.Release|iPhone.ActiveCfg = Release|Any CPU
		{D26A2CFB-1F97-48CD-A4F4-15E1164418C4}.Release|iPhone.Build.0 = Release|Any CPU
		{D26A2CFB-1F97-48CD-A4F4-15E1164418C4}.Release|iPhoneSimulator.ActiveCfg = Release|Any CPU
		{D26A2CFB-1F97-48CD-A4F4-15E1164418C4}.Release|iPhoneSimulator.Build.0 = Release|Any CPU
		{D26A2CFB-1F97-48CD-A4F4-15E1164418C4}.Release|x86.ActiveCfg = Release|Any CPU
		{D26A2CFB-1F97-48CD-A4F4-15E1164418C4}.Release|x86.Build.0 = Release|Any CPU
		{CA1F3995-80F6-4C0A-BC2E-A88430C754EE}.Ad-Hoc|Any CPU.ActiveCfg = Release|Any CPU
		{CA1F3995-80F6-4C0A-BC2E-A88430C754EE}.Ad-Hoc|Any CPU.Build.0 = Release|Any CPU
		{CA1F3995-80F6-4C0A-BC2E-A88430C754EE}.Ad-Hoc|iPhone.ActiveCfg = Release|Any CPU
		{CA1F3995-80F6-4C0A-BC2E-A88430C754EE}.Ad-Hoc|iPhone.Build.0 = Release|Any CPU
		{CA1F3995-80F6-4C0A-BC2E-A88430C754EE}.Ad-Hoc|iPhoneSimulator.ActiveCfg = Release|Any CPU
		{CA1F3995-80F6-4C0A-BC2E-A88430C754EE}.Ad-Hoc|iPhoneSimulator.Build.0 = Release|Any CPU
		{CA1F3995-80F6-4C0A-BC2E-A88430C754EE}.Ad-Hoc|x86.ActiveCfg = Release|Any CPU
		{CA1F3995-80F6-4C0A-BC2E-A88430C754EE}.Ad-Hoc|x86.Build.0 = Release|Any CPU
		{CA1F3995-80F6-4C0A-BC2E-A88430C754EE}.AppStore|Any CPU.ActiveCfg = Release|Any CPU
		{CA1F3995-80F6-4C0A-BC2E-A88430C754EE}.AppStore|Any CPU.Build.0 = Release|Any CPU
		{CA1F3995-80F6-4C0A-BC2E-A88430C754EE}.AppStore|iPhone.ActiveCfg = Release|Any CPU
		{CA1F3995-80F6-4C0A-BC2E-A88430C754EE}.AppStore|iPhone.Build.0 = Release|Any CPU
		{CA1F3995-80F6-4C0A-BC2E-A88430C754EE}.AppStore|iPhoneSimulator.ActiveCfg = Release|Any CPU
		{CA1F3995-80F6-4C0A-BC2E-A88430C754EE}.AppStore|iPhoneSimulator.Build.0 = Release|Any CPU
		{CA1F3995-80F6-4C0A-BC2E-A88430C754EE}.AppStore|x86.ActiveCfg = Release|Any CPU
		{CA1F3995-80F6-4C0A-BC2E-A88430C754EE}.AppStore|x86.Build.0 = Release|Any CPU
		{CA1F3995-80F6-4C0A-BC2E-A88430C754EE}.Debug|Any CPU.ActiveCfg = Debug|Any CPU
		{CA1F3995-80F6-4C0A-BC2E-A88430C754EE}.Debug|Any CPU.Build.0 = Debug|Any CPU
		{CA1F3995-80F6-4C0A-BC2E-A88430C754EE}.Debug|iPhone.ActiveCfg = Debug|Any CPU
		{CA1F3995-80F6-4C0A-BC2E-A88430C754EE}.Debug|iPhone.Build.0 = Debug|Any CPU
		{CA1F3995-80F6-4C0A-BC2E-A88430C754EE}.Debug|iPhoneSimulator.ActiveCfg = Debug|Any CPU
		{CA1F3995-80F6-4C0A-BC2E-A88430C754EE}.Debug|iPhoneSimulator.Build.0 = Debug|Any CPU
		{CA1F3995-80F6-4C0A-BC2E-A88430C754EE}.Debug|x86.ActiveCfg = Debug|Any CPU
		{CA1F3995-80F6-4C0A-BC2E-A88430C754EE}.Debug|x86.Build.0 = Debug|Any CPU
		{CA1F3995-80F6-4C0A-BC2E-A88430C754EE}.Release|Any CPU.ActiveCfg = Release|Any CPU
		{CA1F3995-80F6-4C0A-BC2E-A88430C754EE}.Release|Any CPU.Build.0 = Release|Any CPU
		{CA1F3995-80F6-4C0A-BC2E-A88430C754EE}.Release|iPhone.ActiveCfg = Release|Any CPU
		{CA1F3995-80F6-4C0A-BC2E-A88430C754EE}.Release|iPhone.Build.0 = Release|Any CPU
		{CA1F3995-80F6-4C0A-BC2E-A88430C754EE}.Release|iPhoneSimulator.ActiveCfg = Release|Any CPU
		{CA1F3995-80F6-4C0A-BC2E-A88430C754EE}.Release|iPhoneSimulator.Build.0 = Release|Any CPU
		{CA1F3995-80F6-4C0A-BC2E-A88430C754EE}.Release|x86.ActiveCfg = Release|Any CPU
		{CA1F3995-80F6-4C0A-BC2E-A88430C754EE}.Release|x86.Build.0 = Release|Any CPU
		{BE215DE5-4C4F-4E71-887B-C68F0BE663FE}.Ad-Hoc|Any CPU.ActiveCfg = Release|Any CPU
		{BE215DE5-4C4F-4E71-887B-C68F0BE663FE}.Ad-Hoc|Any CPU.Build.0 = Release|Any CPU
		{BE215DE5-4C4F-4E71-887B-C68F0BE663FE}.Ad-Hoc|iPhone.ActiveCfg = Release|Any CPU
		{BE215DE5-4C4F-4E71-887B-C68F0BE663FE}.Ad-Hoc|iPhone.Build.0 = Release|Any CPU
		{BE215DE5-4C4F-4E71-887B-C68F0BE663FE}.Ad-Hoc|iPhoneSimulator.ActiveCfg = Release|Any CPU
		{BE215DE5-4C4F-4E71-887B-C68F0BE663FE}.Ad-Hoc|iPhoneSimulator.Build.0 = Release|Any CPU
		{BE215DE5-4C4F-4E71-887B-C68F0BE663FE}.Ad-Hoc|x86.ActiveCfg = Release|Any CPU
		{BE215DE5-4C4F-4E71-887B-C68F0BE663FE}.Ad-Hoc|x86.Build.0 = Release|Any CPU
		{BE215DE5-4C4F-4E71-887B-C68F0BE663FE}.AppStore|Any CPU.ActiveCfg = Release|Any CPU
		{BE215DE5-4C4F-4E71-887B-C68F0BE663FE}.AppStore|Any CPU.Build.0 = Release|Any CPU
		{BE215DE5-4C4F-4E71-887B-C68F0BE663FE}.AppStore|iPhone.ActiveCfg = Release|Any CPU
		{BE215DE5-4C4F-4E71-887B-C68F0BE663FE}.AppStore|iPhone.Build.0 = Release|Any CPU
		{BE215DE5-4C4F-4E71-887B-C68F0BE663FE}.AppStore|iPhoneSimulator.ActiveCfg = Release|Any CPU
		{BE215DE5-4C4F-4E71-887B-C68F0BE663FE}.AppStore|iPhoneSimulator.Build.0 = Release|Any CPU
		{BE215DE5-4C4F-4E71-887B-C68F0BE663FE}.AppStore|x86.ActiveCfg = Release|Any CPU
		{BE215DE5-4C4F-4E71-887B-C68F0BE663FE}.AppStore|x86.Build.0 = Release|Any CPU
		{BE215DE5-4C4F-4E71-887B-C68F0BE663FE}.Debug|Any CPU.ActiveCfg = Debug|Any CPU
		{BE215DE5-4C4F-4E71-887B-C68F0BE663FE}.Debug|Any CPU.Build.0 = Debug|Any CPU
		{BE215DE5-4C4F-4E71-887B-C68F0BE663FE}.Debug|iPhone.ActiveCfg = Debug|Any CPU
		{BE215DE5-4C4F-4E71-887B-C68F0BE663FE}.Debug|iPhone.Build.0 = Debug|Any CPU
		{BE215DE5-4C4F-4E71-887B-C68F0BE663FE}.Debug|iPhoneSimulator.ActiveCfg = Debug|Any CPU
		{BE215DE5-4C4F-4E71-887B-C68F0BE663FE}.Debug|iPhoneSimulator.Build.0 = Debug|Any CPU
		{BE215DE5-4C4F-4E71-887B-C68F0BE663FE}.Debug|x86.ActiveCfg = Debug|Any CPU
		{BE215DE5-4C4F-4E71-887B-C68F0BE663FE}.Debug|x86.Build.0 = Debug|Any CPU
		{BE215DE5-4C4F-4E71-887B-C68F0BE663FE}.Release|Any CPU.ActiveCfg = Release|Any CPU
		{BE215DE5-4C4F-4E71-887B-C68F0BE663FE}.Release|Any CPU.Build.0 = Release|Any CPU
		{BE215DE5-4C4F-4E71-887B-C68F0BE663FE}.Release|iPhone.ActiveCfg = Release|Any CPU
		{BE215DE5-4C4F-4E71-887B-C68F0BE663FE}.Release|iPhone.Build.0 = Release|Any CPU
		{BE215DE5-4C4F-4E71-887B-C68F0BE663FE}.Release|iPhoneSimulator.ActiveCfg = Release|Any CPU
		{BE215DE5-4C4F-4E71-887B-C68F0BE663FE}.Release|iPhoneSimulator.Build.0 = Release|Any CPU
		{BE215DE5-4C4F-4E71-887B-C68F0BE663FE}.Release|x86.ActiveCfg = Release|Any CPU
		{BE215DE5-4C4F-4E71-887B-C68F0BE663FE}.Release|x86.Build.0 = Release|Any CPU
		{280C10BA-8879-4923-A0D0-0FC5A490D3AB}.Ad-Hoc|Any CPU.ActiveCfg = Release|Any CPU
		{280C10BA-8879-4923-A0D0-0FC5A490D3AB}.Ad-Hoc|Any CPU.Build.0 = Release|Any CPU
		{280C10BA-8879-4923-A0D0-0FC5A490D3AB}.Ad-Hoc|iPhone.ActiveCfg = Release|Any CPU
		{280C10BA-8879-4923-A0D0-0FC5A490D3AB}.Ad-Hoc|iPhone.Build.0 = Release|Any CPU
		{280C10BA-8879-4923-A0D0-0FC5A490D3AB}.Ad-Hoc|iPhoneSimulator.ActiveCfg = Release|Any CPU
		{280C10BA-8879-4923-A0D0-0FC5A490D3AB}.Ad-Hoc|iPhoneSimulator.Build.0 = Release|Any CPU
		{280C10BA-8879-4923-A0D0-0FC5A490D3AB}.Ad-Hoc|x86.ActiveCfg = Release|x86
		{280C10BA-8879-4923-A0D0-0FC5A490D3AB}.Ad-Hoc|x86.Build.0 = Release|x86
		{280C10BA-8879-4923-A0D0-0FC5A490D3AB}.AppStore|Any CPU.ActiveCfg = Release|Any CPU
		{280C10BA-8879-4923-A0D0-0FC5A490D3AB}.AppStore|Any CPU.Build.0 = Release|Any CPU
		{280C10BA-8879-4923-A0D0-0FC5A490D3AB}.AppStore|iPhone.ActiveCfg = Release|Any CPU
		{280C10BA-8879-4923-A0D0-0FC5A490D3AB}.AppStore|iPhone.Build.0 = Release|Any CPU
		{280C10BA-8879-4923-A0D0-0FC5A490D3AB}.AppStore|iPhoneSimulator.ActiveCfg = Release|Any CPU
		{280C10BA-8879-4923-A0D0-0FC5A490D3AB}.AppStore|iPhoneSimulator.Build.0 = Release|Any CPU
		{280C10BA-8879-4923-A0D0-0FC5A490D3AB}.AppStore|x86.ActiveCfg = Release|x86
		{280C10BA-8879-4923-A0D0-0FC5A490D3AB}.AppStore|x86.Build.0 = Release|x86
		{280C10BA-8879-4923-A0D0-0FC5A490D3AB}.Debug|Any CPU.ActiveCfg = Debug|Any CPU
		{280C10BA-8879-4923-A0D0-0FC5A490D3AB}.Debug|Any CPU.Build.0 = Debug|Any CPU
		{280C10BA-8879-4923-A0D0-0FC5A490D3AB}.Debug|iPhone.ActiveCfg = Debug|Any CPU
		{280C10BA-8879-4923-A0D0-0FC5A490D3AB}.Debug|iPhone.Build.0 = Debug|Any CPU
		{280C10BA-8879-4923-A0D0-0FC5A490D3AB}.Debug|iPhoneSimulator.ActiveCfg = Debug|Any CPU
		{280C10BA-8879-4923-A0D0-0FC5A490D3AB}.Debug|iPhoneSimulator.Build.0 = Debug|Any CPU
		{280C10BA-8879-4923-A0D0-0FC5A490D3AB}.Debug|x86.ActiveCfg = Debug|x86
		{280C10BA-8879-4923-A0D0-0FC5A490D3AB}.Debug|x86.Build.0 = Debug|x86
		{280C10BA-8879-4923-A0D0-0FC5A490D3AB}.Release|Any CPU.ActiveCfg = Release|Any CPU
		{280C10BA-8879-4923-A0D0-0FC5A490D3AB}.Release|Any CPU.Build.0 = Release|Any CPU
		{280C10BA-8879-4923-A0D0-0FC5A490D3AB}.Release|iPhone.ActiveCfg = Release|Any CPU
		{280C10BA-8879-4923-A0D0-0FC5A490D3AB}.Release|iPhone.Build.0 = Release|Any CPU
		{280C10BA-8879-4923-A0D0-0FC5A490D3AB}.Release|iPhoneSimulator.ActiveCfg = Release|Any CPU
		{280C10BA-8879-4923-A0D0-0FC5A490D3AB}.Release|iPhoneSimulator.Build.0 = Release|Any CPU
		{280C10BA-8879-4923-A0D0-0FC5A490D3AB}.Release|x86.ActiveCfg = Release|x86
		{280C10BA-8879-4923-A0D0-0FC5A490D3AB}.Release|x86.Build.0 = Release|x86
		{858A6C04-4949-41B2-8029-C2B46042252F}.Ad-Hoc|Any CPU.ActiveCfg = Release|Any CPU
		{858A6C04-4949-41B2-8029-C2B46042252F}.Ad-Hoc|Any CPU.Build.0 = Release|Any CPU
		{858A6C04-4949-41B2-8029-C2B46042252F}.Ad-Hoc|iPhone.ActiveCfg = Release|Any CPU
		{858A6C04-4949-41B2-8029-C2B46042252F}.Ad-Hoc|iPhone.Build.0 = Release|Any CPU
		{858A6C04-4949-41B2-8029-C2B46042252F}.Ad-Hoc|iPhoneSimulator.ActiveCfg = Release|Any CPU
		{858A6C04-4949-41B2-8029-C2B46042252F}.Ad-Hoc|iPhoneSimulator.Build.0 = Release|Any CPU
		{858A6C04-4949-41B2-8029-C2B46042252F}.Ad-Hoc|x86.ActiveCfg = Release|Any CPU
		{858A6C04-4949-41B2-8029-C2B46042252F}.Ad-Hoc|x86.Build.0 = Release|Any CPU
		{858A6C04-4949-41B2-8029-C2B46042252F}.AppStore|Any CPU.ActiveCfg = Release|Any CPU
		{858A6C04-4949-41B2-8029-C2B46042252F}.AppStore|Any CPU.Build.0 = Release|Any CPU
		{858A6C04-4949-41B2-8029-C2B46042252F}.AppStore|iPhone.ActiveCfg = Release|Any CPU
		{858A6C04-4949-41B2-8029-C2B46042252F}.AppStore|iPhone.Build.0 = Release|Any CPU
		{858A6C04-4949-41B2-8029-C2B46042252F}.AppStore|iPhoneSimulator.ActiveCfg = Release|Any CPU
		{858A6C04-4949-41B2-8029-C2B46042252F}.AppStore|iPhoneSimulator.Build.0 = Release|Any CPU
		{858A6C04-4949-41B2-8029-C2B46042252F}.AppStore|x86.ActiveCfg = Release|Any CPU
		{858A6C04-4949-41B2-8029-C2B46042252F}.AppStore|x86.Build.0 = Release|Any CPU
		{858A6C04-4949-41B2-8029-C2B46042252F}.Debug|Any CPU.ActiveCfg = Debug|Any CPU
		{858A6C04-4949-41B2-8029-C2B46042252F}.Debug|Any CPU.Build.0 = Debug|Any CPU
		{858A6C04-4949-41B2-8029-C2B46042252F}.Debug|iPhone.ActiveCfg = Debug|Any CPU
		{858A6C04-4949-41B2-8029-C2B46042252F}.Debug|iPhone.Build.0 = Debug|Any CPU
		{858A6C04-4949-41B2-8029-C2B46042252F}.Debug|iPhoneSimulator.ActiveCfg = Debug|Any CPU
		{858A6C04-4949-41B2-8029-C2B46042252F}.Debug|iPhoneSimulator.Build.0 = Debug|Any CPU
		{858A6C04-4949-41B2-8029-C2B46042252F}.Debug|x86.ActiveCfg = Debug|Any CPU
		{858A6C04-4949-41B2-8029-C2B46042252F}.Debug|x86.Build.0 = Debug|Any CPU
		{858A6C04-4949-41B2-8029-C2B46042252F}.Release|Any CPU.ActiveCfg = Release|Any CPU
		{858A6C04-4949-41B2-8029-C2B46042252F}.Release|Any CPU.Build.0 = Release|Any CPU
		{858A6C04-4949-41B2-8029-C2B46042252F}.Release|iPhone.ActiveCfg = Release|Any CPU
		{858A6C04-4949-41B2-8029-C2B46042252F}.Release|iPhone.Build.0 = Release|Any CPU
		{858A6C04-4949-41B2-8029-C2B46042252F}.Release|iPhoneSimulator.ActiveCfg = Release|Any CPU
		{858A6C04-4949-41B2-8029-C2B46042252F}.Release|iPhoneSimulator.Build.0 = Release|Any CPU
		{858A6C04-4949-41B2-8029-C2B46042252F}.Release|x86.ActiveCfg = Release|Any CPU
		{858A6C04-4949-41B2-8029-C2B46042252F}.Release|x86.Build.0 = Release|Any CPU
		{04799724-6DA1-4FB7-9EE9-03679C0D9745}.Ad-Hoc|Any CPU.ActiveCfg = Release|Any CPU
		{04799724-6DA1-4FB7-9EE9-03679C0D9745}.Ad-Hoc|Any CPU.Build.0 = Release|Any CPU
		{04799724-6DA1-4FB7-9EE9-03679C0D9745}.Ad-Hoc|iPhone.ActiveCfg = Release|Any CPU
		{04799724-6DA1-4FB7-9EE9-03679C0D9745}.Ad-Hoc|iPhone.Build.0 = Release|Any CPU
		{04799724-6DA1-4FB7-9EE9-03679C0D9745}.Ad-Hoc|iPhoneSimulator.ActiveCfg = Release|Any CPU
		{04799724-6DA1-4FB7-9EE9-03679C0D9745}.Ad-Hoc|iPhoneSimulator.Build.0 = Release|Any CPU
		{04799724-6DA1-4FB7-9EE9-03679C0D9745}.Ad-Hoc|x86.ActiveCfg = Release|Any CPU
		{04799724-6DA1-4FB7-9EE9-03679C0D9745}.Ad-Hoc|x86.Build.0 = Release|Any CPU
		{04799724-6DA1-4FB7-9EE9-03679C0D9745}.AppStore|Any CPU.ActiveCfg = Release|Any CPU
		{04799724-6DA1-4FB7-9EE9-03679C0D9745}.AppStore|Any CPU.Build.0 = Release|Any CPU
		{04799724-6DA1-4FB7-9EE9-03679C0D9745}.AppStore|iPhone.ActiveCfg = Release|Any CPU
		{04799724-6DA1-4FB7-9EE9-03679C0D9745}.AppStore|iPhone.Build.0 = Release|Any CPU
		{04799724-6DA1-4FB7-9EE9-03679C0D9745}.AppStore|iPhoneSimulator.ActiveCfg = Release|Any CPU
		{04799724-6DA1-4FB7-9EE9-03679C0D9745}.AppStore|iPhoneSimulator.Build.0 = Release|Any CPU
		{04799724-6DA1-4FB7-9EE9-03679C0D9745}.AppStore|x86.ActiveCfg = Release|Any CPU
		{04799724-6DA1-4FB7-9EE9-03679C0D9745}.AppStore|x86.Build.0 = Release|Any CPU
		{04799724-6DA1-4FB7-9EE9-03679C0D9745}.Debug|Any CPU.ActiveCfg = Debug|Any CPU
		{04799724-6DA1-4FB7-9EE9-03679C0D9745}.Debug|Any CPU.Build.0 = Debug|Any CPU
		{04799724-6DA1-4FB7-9EE9-03679C0D9745}.Debug|iPhone.ActiveCfg = Debug|Any CPU
		{04799724-6DA1-4FB7-9EE9-03679C0D9745}.Debug|iPhone.Build.0 = Debug|Any CPU
		{04799724-6DA1-4FB7-9EE9-03679C0D9745}.Debug|iPhoneSimulator.ActiveCfg = Debug|Any CPU
		{04799724-6DA1-4FB7-9EE9-03679C0D9745}.Debug|iPhoneSimulator.Build.0 = Debug|Any CPU
		{04799724-6DA1-4FB7-9EE9-03679C0D9745}.Debug|x86.ActiveCfg = Debug|Any CPU
		{04799724-6DA1-4FB7-9EE9-03679C0D9745}.Debug|x86.Build.0 = Debug|Any CPU
		{04799724-6DA1-4FB7-9EE9-03679C0D9745}.Release|Any CPU.ActiveCfg = Release|Any CPU
		{04799724-6DA1-4FB7-9EE9-03679C0D9745}.Release|Any CPU.Build.0 = Release|Any CPU
		{04799724-6DA1-4FB7-9EE9-03679C0D9745}.Release|iPhone.ActiveCfg = Release|Any CPU
		{04799724-6DA1-4FB7-9EE9-03679C0D9745}.Release|iPhone.Build.0 = Release|Any CPU
		{04799724-6DA1-4FB7-9EE9-03679C0D9745}.Release|iPhoneSimulator.ActiveCfg = Release|Any CPU
		{04799724-6DA1-4FB7-9EE9-03679C0D9745}.Release|iPhoneSimulator.Build.0 = Release|Any CPU
		{04799724-6DA1-4FB7-9EE9-03679C0D9745}.Release|x86.ActiveCfg = Release|Any CPU
		{04799724-6DA1-4FB7-9EE9-03679C0D9745}.Release|x86.Build.0 = Release|Any CPU
		{A1973148-F45E-4F30-90AE-25A332300692}.Ad-Hoc|Any CPU.ActiveCfg = Release|Any CPU
		{A1973148-F45E-4F30-90AE-25A332300692}.Ad-Hoc|Any CPU.Build.0 = Release|Any CPU
		{A1973148-F45E-4F30-90AE-25A332300692}.Ad-Hoc|iPhone.ActiveCfg = Release|Any CPU
		{A1973148-F45E-4F30-90AE-25A332300692}.Ad-Hoc|iPhone.Build.0 = Release|Any CPU
		{A1973148-F45E-4F30-90AE-25A332300692}.Ad-Hoc|iPhoneSimulator.ActiveCfg = Release|Any CPU
		{A1973148-F45E-4F30-90AE-25A332300692}.Ad-Hoc|iPhoneSimulator.Build.0 = Release|Any CPU
		{A1973148-F45E-4F30-90AE-25A332300692}.Ad-Hoc|x86.ActiveCfg = Release|Any CPU
		{A1973148-F45E-4F30-90AE-25A332300692}.Ad-Hoc|x86.Build.0 = Release|Any CPU
		{A1973148-F45E-4F30-90AE-25A332300692}.AppStore|Any CPU.ActiveCfg = Release|Any CPU
		{A1973148-F45E-4F30-90AE-25A332300692}.AppStore|Any CPU.Build.0 = Release|Any CPU
		{A1973148-F45E-4F30-90AE-25A332300692}.AppStore|iPhone.ActiveCfg = Release|Any CPU
		{A1973148-F45E-4F30-90AE-25A332300692}.AppStore|iPhone.Build.0 = Release|Any CPU
		{A1973148-F45E-4F30-90AE-25A332300692}.AppStore|iPhoneSimulator.ActiveCfg = Release|Any CPU
		{A1973148-F45E-4F30-90AE-25A332300692}.AppStore|iPhoneSimulator.Build.0 = Release|Any CPU
		{A1973148-F45E-4F30-90AE-25A332300692}.AppStore|x86.ActiveCfg = Release|Any CPU
		{A1973148-F45E-4F30-90AE-25A332300692}.AppStore|x86.Build.0 = Release|Any CPU
		{A1973148-F45E-4F30-90AE-25A332300692}.Debug|Any CPU.ActiveCfg = Debug|Any CPU
		{A1973148-F45E-4F30-90AE-25A332300692}.Debug|Any CPU.Build.0 = Debug|Any CPU
		{A1973148-F45E-4F30-90AE-25A332300692}.Debug|iPhone.ActiveCfg = Debug|Any CPU
		{A1973148-F45E-4F30-90AE-25A332300692}.Debug|iPhone.Build.0 = Debug|Any CPU
		{A1973148-F45E-4F30-90AE-25A332300692}.Debug|iPhoneSimulator.ActiveCfg = Debug|Any CPU
		{A1973148-F45E-4F30-90AE-25A332300692}.Debug|iPhoneSimulator.Build.0 = Debug|Any CPU
		{A1973148-F45E-4F30-90AE-25A332300692}.Debug|x86.ActiveCfg = Debug|Any CPU
		{A1973148-F45E-4F30-90AE-25A332300692}.Debug|x86.Build.0 = Debug|Any CPU
		{A1973148-F45E-4F30-90AE-25A332300692}.Release|Any CPU.ActiveCfg = Release|Any CPU
		{A1973148-F45E-4F30-90AE-25A332300692}.Release|Any CPU.Build.0 = Release|Any CPU
		{A1973148-F45E-4F30-90AE-25A332300692}.Release|iPhone.ActiveCfg = Release|Any CPU
		{A1973148-F45E-4F30-90AE-25A332300692}.Release|iPhone.Build.0 = Release|Any CPU
		{A1973148-F45E-4F30-90AE-25A332300692}.Release|iPhoneSimulator.ActiveCfg = Release|Any CPU
		{A1973148-F45E-4F30-90AE-25A332300692}.Release|iPhoneSimulator.Build.0 = Release|Any CPU
		{A1973148-F45E-4F30-90AE-25A332300692}.Release|x86.ActiveCfg = Release|Any CPU
		{A1973148-F45E-4F30-90AE-25A332300692}.Release|x86.Build.0 = Release|Any CPU
		{A2C86A91-E6CA-49A2-9F21-3CC41515497E}.Ad-Hoc|Any CPU.ActiveCfg = Debug|Any CPU
		{A2C86A91-E6CA-49A2-9F21-3CC41515497E}.Ad-Hoc|Any CPU.Build.0 = Debug|Any CPU
		{A2C86A91-E6CA-49A2-9F21-3CC41515497E}.Ad-Hoc|iPhone.ActiveCfg = Debug|Any CPU
		{A2C86A91-E6CA-49A2-9F21-3CC41515497E}.Ad-Hoc|iPhone.Build.0 = Debug|Any CPU
		{A2C86A91-E6CA-49A2-9F21-3CC41515497E}.Ad-Hoc|iPhoneSimulator.ActiveCfg = Debug|Any CPU
		{A2C86A91-E6CA-49A2-9F21-3CC41515497E}.Ad-Hoc|iPhoneSimulator.Build.0 = Debug|Any CPU
		{A2C86A91-E6CA-49A2-9F21-3CC41515497E}.Ad-Hoc|x86.ActiveCfg = Debug|Any CPU
		{A2C86A91-E6CA-49A2-9F21-3CC41515497E}.Ad-Hoc|x86.Build.0 = Debug|Any CPU
		{A2C86A91-E6CA-49A2-9F21-3CC41515497E}.AppStore|Any CPU.ActiveCfg = Debug|Any CPU
		{A2C86A91-E6CA-49A2-9F21-3CC41515497E}.AppStore|Any CPU.Build.0 = Debug|Any CPU
		{A2C86A91-E6CA-49A2-9F21-3CC41515497E}.AppStore|iPhone.ActiveCfg = Debug|Any CPU
		{A2C86A91-E6CA-49A2-9F21-3CC41515497E}.AppStore|iPhone.Build.0 = Debug|Any CPU
		{A2C86A91-E6CA-49A2-9F21-3CC41515497E}.AppStore|iPhoneSimulator.ActiveCfg = Debug|Any CPU
		{A2C86A91-E6CA-49A2-9F21-3CC41515497E}.AppStore|iPhoneSimulator.Build.0 = Debug|Any CPU
		{A2C86A91-E6CA-49A2-9F21-3CC41515497E}.AppStore|x86.ActiveCfg = Debug|Any CPU
		{A2C86A91-E6CA-49A2-9F21-3CC41515497E}.AppStore|x86.Build.0 = Debug|Any CPU
		{A2C86A91-E6CA-49A2-9F21-3CC41515497E}.Debug|Any CPU.ActiveCfg = Debug|Any CPU
		{A2C86A91-E6CA-49A2-9F21-3CC41515497E}.Debug|Any CPU.Build.0 = Debug|Any CPU
		{A2C86A91-E6CA-49A2-9F21-3CC41515497E}.Debug|iPhone.ActiveCfg = Debug|Any CPU
		{A2C86A91-E6CA-49A2-9F21-3CC41515497E}.Debug|iPhone.Build.0 = Debug|Any CPU
		{A2C86A91-E6CA-49A2-9F21-3CC41515497E}.Debug|iPhoneSimulator.ActiveCfg = Debug|Any CPU
		{A2C86A91-E6CA-49A2-9F21-3CC41515497E}.Debug|iPhoneSimulator.Build.0 = Debug|Any CPU
		{A2C86A91-E6CA-49A2-9F21-3CC41515497E}.Debug|x86.ActiveCfg = Debug|Any CPU
		{A2C86A91-E6CA-49A2-9F21-3CC41515497E}.Debug|x86.Build.0 = Debug|Any CPU
		{A2C86A91-E6CA-49A2-9F21-3CC41515497E}.Release|Any CPU.ActiveCfg = Release|Any CPU
		{A2C86A91-E6CA-49A2-9F21-3CC41515497E}.Release|Any CPU.Build.0 = Release|Any CPU
		{A2C86A91-E6CA-49A2-9F21-3CC41515497E}.Release|iPhone.ActiveCfg = Release|Any CPU
		{A2C86A91-E6CA-49A2-9F21-3CC41515497E}.Release|iPhone.Build.0 = Release|Any CPU
		{A2C86A91-E6CA-49A2-9F21-3CC41515497E}.Release|iPhoneSimulator.ActiveCfg = Release|Any CPU
		{A2C86A91-E6CA-49A2-9F21-3CC41515497E}.Release|iPhoneSimulator.Build.0 = Release|Any CPU
		{A2C86A91-E6CA-49A2-9F21-3CC41515497E}.Release|x86.ActiveCfg = Release|Any CPU
		{A2C86A91-E6CA-49A2-9F21-3CC41515497E}.Release|x86.Build.0 = Release|Any CPU
		{D9ECE9D4-B279-437D-A849-EAD5D35A8D82}.Ad-Hoc|Any CPU.ActiveCfg = Debug|Any CPU
		{D9ECE9D4-B279-437D-A849-EAD5D35A8D82}.Ad-Hoc|Any CPU.Build.0 = Debug|Any CPU
		{D9ECE9D4-B279-437D-A849-EAD5D35A8D82}.Ad-Hoc|iPhone.ActiveCfg = Debug|Any CPU
		{D9ECE9D4-B279-437D-A849-EAD5D35A8D82}.Ad-Hoc|iPhone.Build.0 = Debug|Any CPU
		{D9ECE9D4-B279-437D-A849-EAD5D35A8D82}.Ad-Hoc|iPhoneSimulator.ActiveCfg = Debug|Any CPU
		{D9ECE9D4-B279-437D-A849-EAD5D35A8D82}.Ad-Hoc|iPhoneSimulator.Build.0 = Debug|Any CPU
		{D9ECE9D4-B279-437D-A849-EAD5D35A8D82}.Ad-Hoc|x86.ActiveCfg = Debug|Any CPU
		{D9ECE9D4-B279-437D-A849-EAD5D35A8D82}.Ad-Hoc|x86.Build.0 = Debug|Any CPU
		{D9ECE9D4-B279-437D-A849-EAD5D35A8D82}.AppStore|Any CPU.ActiveCfg = Debug|Any CPU
		{D9ECE9D4-B279-437D-A849-EAD5D35A8D82}.AppStore|Any CPU.Build.0 = Debug|Any CPU
		{D9ECE9D4-B279-437D-A849-EAD5D35A8D82}.AppStore|iPhone.ActiveCfg = Debug|Any CPU
		{D9ECE9D4-B279-437D-A849-EAD5D35A8D82}.AppStore|iPhone.Build.0 = Debug|Any CPU
		{D9ECE9D4-B279-437D-A849-EAD5D35A8D82}.AppStore|iPhoneSimulator.ActiveCfg = Debug|Any CPU
		{D9ECE9D4-B279-437D-A849-EAD5D35A8D82}.AppStore|iPhoneSimulator.Build.0 = Debug|Any CPU
		{D9ECE9D4-B279-437D-A849-EAD5D35A8D82}.AppStore|x86.ActiveCfg = Debug|Any CPU
		{D9ECE9D4-B279-437D-A849-EAD5D35A8D82}.AppStore|x86.Build.0 = Debug|Any CPU
		{D9ECE9D4-B279-437D-A849-EAD5D35A8D82}.Debug|Any CPU.ActiveCfg = Debug|Any CPU
		{D9ECE9D4-B279-437D-A849-EAD5D35A8D82}.Debug|Any CPU.Build.0 = Debug|Any CPU
		{D9ECE9D4-B279-437D-A849-EAD5D35A8D82}.Debug|iPhone.ActiveCfg = Debug|Any CPU
		{D9ECE9D4-B279-437D-A849-EAD5D35A8D82}.Debug|iPhone.Build.0 = Debug|Any CPU
		{D9ECE9D4-B279-437D-A849-EAD5D35A8D82}.Debug|iPhoneSimulator.ActiveCfg = Debug|Any CPU
		{D9ECE9D4-B279-437D-A849-EAD5D35A8D82}.Debug|iPhoneSimulator.Build.0 = Debug|Any CPU
		{D9ECE9D4-B279-437D-A849-EAD5D35A8D82}.Debug|x86.ActiveCfg = Debug|Any CPU
		{D9ECE9D4-B279-437D-A849-EAD5D35A8D82}.Debug|x86.Build.0 = Debug|Any CPU
		{D9ECE9D4-B279-437D-A849-EAD5D35A8D82}.Release|Any CPU.ActiveCfg = Release|Any CPU
		{D9ECE9D4-B279-437D-A849-EAD5D35A8D82}.Release|Any CPU.Build.0 = Release|Any CPU
		{D9ECE9D4-B279-437D-A849-EAD5D35A8D82}.Release|iPhone.ActiveCfg = Release|Any CPU
		{D9ECE9D4-B279-437D-A849-EAD5D35A8D82}.Release|iPhone.Build.0 = Release|Any CPU
		{D9ECE9D4-B279-437D-A849-EAD5D35A8D82}.Release|iPhoneSimulator.ActiveCfg = Release|Any CPU
		{D9ECE9D4-B279-437D-A849-EAD5D35A8D82}.Release|iPhoneSimulator.Build.0 = Release|Any CPU
		{D9ECE9D4-B279-437D-A849-EAD5D35A8D82}.Release|x86.ActiveCfg = Release|Any CPU
		{D9ECE9D4-B279-437D-A849-EAD5D35A8D82}.Release|x86.Build.0 = Release|Any CPU
		{388D446A-9692-4D0C-AF8A-C045AF8B7CD0}.Ad-Hoc|Any CPU.ActiveCfg = Debug|Any CPU
		{388D446A-9692-4D0C-AF8A-C045AF8B7CD0}.Ad-Hoc|Any CPU.Build.0 = Debug|Any CPU
		{388D446A-9692-4D0C-AF8A-C045AF8B7CD0}.Ad-Hoc|iPhone.ActiveCfg = Debug|Any CPU
		{388D446A-9692-4D0C-AF8A-C045AF8B7CD0}.Ad-Hoc|iPhone.Build.0 = Debug|Any CPU
		{388D446A-9692-4D0C-AF8A-C045AF8B7CD0}.Ad-Hoc|iPhoneSimulator.ActiveCfg = Debug|Any CPU
		{388D446A-9692-4D0C-AF8A-C045AF8B7CD0}.Ad-Hoc|iPhoneSimulator.Build.0 = Debug|Any CPU
		{388D446A-9692-4D0C-AF8A-C045AF8B7CD0}.Ad-Hoc|x86.ActiveCfg = Debug|Any CPU
		{388D446A-9692-4D0C-AF8A-C045AF8B7CD0}.Ad-Hoc|x86.Build.0 = Debug|Any CPU
		{388D446A-9692-4D0C-AF8A-C045AF8B7CD0}.AppStore|Any CPU.ActiveCfg = Debug|Any CPU
		{388D446A-9692-4D0C-AF8A-C045AF8B7CD0}.AppStore|Any CPU.Build.0 = Debug|Any CPU
		{388D446A-9692-4D0C-AF8A-C045AF8B7CD0}.AppStore|iPhone.ActiveCfg = Debug|Any CPU
		{388D446A-9692-4D0C-AF8A-C045AF8B7CD0}.AppStore|iPhone.Build.0 = Debug|Any CPU
		{388D446A-9692-4D0C-AF8A-C045AF8B7CD0}.AppStore|iPhoneSimulator.ActiveCfg = Debug|Any CPU
		{388D446A-9692-4D0C-AF8A-C045AF8B7CD0}.AppStore|iPhoneSimulator.Build.0 = Debug|Any CPU
		{388D446A-9692-4D0C-AF8A-C045AF8B7CD0}.AppStore|x86.ActiveCfg = Debug|Any CPU
		{388D446A-9692-4D0C-AF8A-C045AF8B7CD0}.AppStore|x86.Build.0 = Debug|Any CPU
		{388D446A-9692-4D0C-AF8A-C045AF8B7CD0}.Debug|Any CPU.ActiveCfg = Debug|Any CPU
		{388D446A-9692-4D0C-AF8A-C045AF8B7CD0}.Debug|Any CPU.Build.0 = Debug|Any CPU
		{388D446A-9692-4D0C-AF8A-C045AF8B7CD0}.Debug|iPhone.ActiveCfg = Debug|Any CPU
		{388D446A-9692-4D0C-AF8A-C045AF8B7CD0}.Debug|iPhone.Build.0 = Debug|Any CPU
		{388D446A-9692-4D0C-AF8A-C045AF8B7CD0}.Debug|iPhoneSimulator.ActiveCfg = Debug|Any CPU
		{388D446A-9692-4D0C-AF8A-C045AF8B7CD0}.Debug|iPhoneSimulator.Build.0 = Debug|Any CPU
		{388D446A-9692-4D0C-AF8A-C045AF8B7CD0}.Debug|x86.ActiveCfg = Debug|Any CPU
		{388D446A-9692-4D0C-AF8A-C045AF8B7CD0}.Debug|x86.Build.0 = Debug|Any CPU
		{388D446A-9692-4D0C-AF8A-C045AF8B7CD0}.Release|Any CPU.ActiveCfg = Release|Any CPU
		{388D446A-9692-4D0C-AF8A-C045AF8B7CD0}.Release|Any CPU.Build.0 = Release|Any CPU
		{388D446A-9692-4D0C-AF8A-C045AF8B7CD0}.Release|iPhone.ActiveCfg = Release|Any CPU
		{388D446A-9692-4D0C-AF8A-C045AF8B7CD0}.Release|iPhone.Build.0 = Release|Any CPU
		{388D446A-9692-4D0C-AF8A-C045AF8B7CD0}.Release|iPhoneSimulator.ActiveCfg = Release|Any CPU
		{388D446A-9692-4D0C-AF8A-C045AF8B7CD0}.Release|iPhoneSimulator.Build.0 = Release|Any CPU
		{388D446A-9692-4D0C-AF8A-C045AF8B7CD0}.Release|x86.ActiveCfg = Release|Any CPU
		{388D446A-9692-4D0C-AF8A-C045AF8B7CD0}.Release|x86.Build.0 = Release|Any CPU
		{A9E54286-3B8F-41CB-BB78-14AA6AAD2FFE}.Ad-Hoc|Any CPU.ActiveCfg = Debug|Any CPU
		{A9E54286-3B8F-41CB-BB78-14AA6AAD2FFE}.Ad-Hoc|Any CPU.Build.0 = Debug|Any CPU
		{A9E54286-3B8F-41CB-BB78-14AA6AAD2FFE}.Ad-Hoc|iPhone.ActiveCfg = Debug|Any CPU
		{A9E54286-3B8F-41CB-BB78-14AA6AAD2FFE}.Ad-Hoc|iPhone.Build.0 = Debug|Any CPU
		{A9E54286-3B8F-41CB-BB78-14AA6AAD2FFE}.Ad-Hoc|iPhoneSimulator.ActiveCfg = Debug|Any CPU
		{A9E54286-3B8F-41CB-BB78-14AA6AAD2FFE}.Ad-Hoc|iPhoneSimulator.Build.0 = Debug|Any CPU
		{A9E54286-3B8F-41CB-BB78-14AA6AAD2FFE}.Ad-Hoc|x86.ActiveCfg = Debug|Any CPU
		{A9E54286-3B8F-41CB-BB78-14AA6AAD2FFE}.Ad-Hoc|x86.Build.0 = Debug|Any CPU
		{A9E54286-3B8F-41CB-BB78-14AA6AAD2FFE}.AppStore|Any CPU.ActiveCfg = Debug|Any CPU
		{A9E54286-3B8F-41CB-BB78-14AA6AAD2FFE}.AppStore|Any CPU.Build.0 = Debug|Any CPU
		{A9E54286-3B8F-41CB-BB78-14AA6AAD2FFE}.AppStore|iPhone.ActiveCfg = Debug|Any CPU
		{A9E54286-3B8F-41CB-BB78-14AA6AAD2FFE}.AppStore|iPhone.Build.0 = Debug|Any CPU
		{A9E54286-3B8F-41CB-BB78-14AA6AAD2FFE}.AppStore|iPhoneSimulator.ActiveCfg = Debug|Any CPU
		{A9E54286-3B8F-41CB-BB78-14AA6AAD2FFE}.AppStore|iPhoneSimulator.Build.0 = Debug|Any CPU
		{A9E54286-3B8F-41CB-BB78-14AA6AAD2FFE}.AppStore|x86.ActiveCfg = Debug|Any CPU
		{A9E54286-3B8F-41CB-BB78-14AA6AAD2FFE}.AppStore|x86.Build.0 = Debug|Any CPU
		{A9E54286-3B8F-41CB-BB78-14AA6AAD2FFE}.Debug|Any CPU.ActiveCfg = Debug|Any CPU
		{A9E54286-3B8F-41CB-BB78-14AA6AAD2FFE}.Debug|Any CPU.Build.0 = Debug|Any CPU
		{A9E54286-3B8F-41CB-BB78-14AA6AAD2FFE}.Debug|iPhone.ActiveCfg = Debug|Any CPU
		{A9E54286-3B8F-41CB-BB78-14AA6AAD2FFE}.Debug|iPhone.Build.0 = Debug|Any CPU
		{A9E54286-3B8F-41CB-BB78-14AA6AAD2FFE}.Debug|iPhoneSimulator.ActiveCfg = Debug|Any CPU
		{A9E54286-3B8F-41CB-BB78-14AA6AAD2FFE}.Debug|iPhoneSimulator.Build.0 = Debug|Any CPU
		{A9E54286-3B8F-41CB-BB78-14AA6AAD2FFE}.Debug|x86.ActiveCfg = Debug|Any CPU
		{A9E54286-3B8F-41CB-BB78-14AA6AAD2FFE}.Debug|x86.Build.0 = Debug|Any CPU
		{A9E54286-3B8F-41CB-BB78-14AA6AAD2FFE}.Release|Any CPU.ActiveCfg = Release|Any CPU
		{A9E54286-3B8F-41CB-BB78-14AA6AAD2FFE}.Release|Any CPU.Build.0 = Release|Any CPU
		{A9E54286-3B8F-41CB-BB78-14AA6AAD2FFE}.Release|iPhone.ActiveCfg = Release|Any CPU
		{A9E54286-3B8F-41CB-BB78-14AA6AAD2FFE}.Release|iPhone.Build.0 = Release|Any CPU
		{A9E54286-3B8F-41CB-BB78-14AA6AAD2FFE}.Release|iPhoneSimulator.ActiveCfg = Release|Any CPU
		{A9E54286-3B8F-41CB-BB78-14AA6AAD2FFE}.Release|iPhoneSimulator.Build.0 = Release|Any CPU
		{A9E54286-3B8F-41CB-BB78-14AA6AAD2FFE}.Release|x86.ActiveCfg = Release|Any CPU
		{A9E54286-3B8F-41CB-BB78-14AA6AAD2FFE}.Release|x86.Build.0 = Release|Any CPU
	EndGlobalSection
	GlobalSection(SolutionProperties) = preSolution
		HideSolutionNode = FALSE
	EndGlobalSection
	GlobalSection(NestedProjects) = preSolution
		{CB901A45-C8B3-4FF2-AD37-CA27F0E99C63} = {124CACEF-F6F0-48A1-A79C-9DC6390C5314}
		{FC5D1DC8-F76C-492D-B5D6-8D84BB1353E2} = {124CACEF-F6F0-48A1-A79C-9DC6390C5314}
		{5286FB03-D304-4EDF-825B-0CE7C93595C6} = {124CACEF-F6F0-48A1-A79C-9DC6390C5314}
		{4D379B29-083E-47ED-BF1D-5F5AFD8FD784} = {FC5D1DC8-F76C-492D-B5D6-8D84BB1353E2}
		{A2E33A04-EEC8-4862-BE11-6A1DFA79A3F6} = {5286FB03-D304-4EDF-825B-0CE7C93595C6}
		{8331C588-D406-4865-A175-EFC0E8434F61} = {5286FB03-D304-4EDF-825B-0CE7C93595C6}
		{F743D2D9-29D3-46F9-80F1-53C135947986} = {5286FB03-D304-4EDF-825B-0CE7C93595C6}
		{61B44796-B1FF-4651-849B-D4BD69AFEAA9} = {5286FB03-D304-4EDF-825B-0CE7C93595C6}
		{48AEC31C-24AB-431B-8CA8-1DCE4DDC7387} = {CB901A45-C8B3-4FF2-AD37-CA27F0E99C63}
		{E424AD2C-2B9C-46F8-BC7B-764BA16D82ED} = {5286FB03-D304-4EDF-825B-0CE7C93595C6}
		{4B70F4A0-1FCB-40BE-9764-3478E6FA82E7} = {124CACEF-F6F0-48A1-A79C-9DC6390C5314}
		{47573353-423F-49C5-82A8-E26DA51C1F47} = {4B70F4A0-1FCB-40BE-9764-3478E6FA82E7}
		{7003FE04-114A-4579-83EB-4090EBE80582} = {5286FB03-D304-4EDF-825B-0CE7C93595C6}
		{D26A2CFB-1F97-48CD-A4F4-15E1164418C4} = {5286FB03-D304-4EDF-825B-0CE7C93595C6}
		{3706C6F1-F049-42F6-9103-18B67CA10C9A} = {124CACEF-F6F0-48A1-A79C-9DC6390C5314}
		{63F58C94-61F8-4A83-B451-057CEBB2E23F} = {AB137A17-1FEB-4983-8577-FCEAFAFE4724}
		{CA1F3995-80F6-4C0A-BC2E-A88430C754EE} = {3706C6F1-F049-42F6-9103-18B67CA10C9A}
		{BE215DE5-4C4F-4E71-887B-C68F0BE663FE} = {3706C6F1-F049-42F6-9103-18B67CA10C9A}
		{280C10BA-8879-4923-A0D0-0FC5A490D3AB} = {3706C6F1-F049-42F6-9103-18B67CA10C9A}
		{858A6C04-4949-41B2-8029-C2B46042252F} = {FC5D1DC8-F76C-492D-B5D6-8D84BB1353E2}
		{04799724-6DA1-4FB7-9EE9-03679C0D9745} = {4B70F4A0-1FCB-40BE-9764-3478E6FA82E7}
		{A1973148-F45E-4F30-90AE-25A332300692} = {3706C6F1-F049-42F6-9103-18B67CA10C9A}
		{ED0B35C2-EC66-465D-B1D6-FC8342C054BF} = {124CACEF-F6F0-48A1-A79C-9DC6390C5314}
		{A2C86A91-E6CA-49A2-9F21-3CC41515497E} = {ED0B35C2-EC66-465D-B1D6-FC8342C054BF}
		{D9ECE9D4-B279-437D-A849-EAD5D35A8D82} = {ED0B35C2-EC66-465D-B1D6-FC8342C054BF}
		{388D446A-9692-4D0C-AF8A-C045AF8B7CD0} = {CB901A45-C8B3-4FF2-AD37-CA27F0E99C63}
		{A9E54286-3B8F-41CB-BB78-14AA6AAD2FFE} = {FC5D1DC8-F76C-492D-B5D6-8D84BB1353E2}
	EndGlobalSection
	GlobalSection(ExtensibilityGlobals) = postSolution
		SolutionGuid = {0006A0AC-544F-4D06-95ED-3D116547DAF2}
	EndGlobalSection
EndGlobal
